
Microsoft Visual Studio Solution File, Format Version 12.00
# Visual Studio Version 17
VisualStudioVersion = 17.3.32611.2
MinimumVisualStudioVersion = 10.0.40219.1
Project("{9A19103F-16F7-4668-BE54-9A1E7A4F7556}") = "Catalyst", "Catalyst\Catalyst.csproj", "{A86A90FD-73AB-49B4-8757-B7649EF6F470}"
EndProject
Project("{9A19103F-16F7-4668-BE54-9A1E7A4F7556}") = "Catalyst.Training", "Catalyst.Training\Catalyst.Training.csproj", "{8D171C86-5A9A-43D3-9A16-7DDE7CE61AA1}"
EndProject
Project("{2150E333-8FDC-42A3-9474-1A3956D46DE8}") = "azure-devops", "azure-devops", "{DCE5551E-4070-45AA-89D2-CE1F8C3D6F6B}"
	ProjectSection(SolutionItems) = preProject
		azure-devops\build-models.yml = azure-devops\build-models.yml
		azure-devops\build-nuget.yml = azure-devops\build-nuget.yml
	EndProjectSection
EndProject
Project("{2150E333-8FDC-42A3-9474-1A3956D46DE8}") = "tests", "tests", "{9873879B-0FE8-4FFF-A337-AE75F0B4FAB3}"
EndProject
Project("{9A19103F-16F7-4668-BE54-9A1E7A4F7556}") = "Catalyst.Azure.Tests", "tests\Catalyst.Azure.Tests\Catalyst.Azure.Tests.csproj", "{05051CDB-636C-4884-8D2B-58B01267E33D}"
EndProject
Project("{9A19103F-16F7-4668-BE54-9A1E7A4F7556}") = "Catalyst.Azure", "Catalyst.Azure\Catalyst.Azure.csproj", "{CE8805D3-D498-4788-BF3A-7513491BC924}"
EndProject
Project("{2150E333-8FDC-42A3-9474-1A3956D46DE8}") = "samples", "samples", "{35ABD74D-8096-4B71-8FB4-320D1C0C51B0}"
EndProject
Project("{9A19103F-16F7-4668-BE54-9A1E7A4F7556}") = "EntityRecognition", "samples\EntityRecognition\EntityRecognition.csproj", "{C0D411D8-49F3-489D-9F4E-F2A0D93B40B9}"
EndProject
Project("{9A19103F-16F7-4668-BE54-9A1E7A4F7556}") = "LanguageDetection", "samples\LanguageDetection\LanguageDetection.csproj", "{0B751ADF-3B70-4F1F-BD1D-945348A5C5AE}"
EndProject
Project("{9A19103F-16F7-4668-BE54-9A1E7A4F7556}") = "TextClassification", "samples\TextClassification\TextClassification.csproj", "{D7ACC2C9-C5EE-4807-8D48-C6A674B56C7D}"
EndProject
Project("{9A19103F-16F7-4668-BE54-9A1E7A4F7556}") = "LDA", "samples\LDA\LDA.csproj", "{16E57B2E-5A60-4D26-8CE8-A511C724EE41}"
EndProject
Project("{9A19103F-16F7-4668-BE54-9A1E7A4F7556}") = "Catalyst.Tests", "tests\Catalyst.Tests\Catalyst.Tests.csproj", "{337E677F-9261-49C3-9D38-811555FF80FA}"
EndProject
Project("{2150E333-8FDC-42A3-9474-1A3956D46DE8}") = "Solution Items", "Solution Items", "{D367F80C-ECEA-44F8-81CD-D08BC05B3C37}"
	ProjectSection(SolutionItems) = preProject
		README.md = README.md
	EndProjectSection
EndProject
Project("{9A19103F-16F7-4668-BE54-9A1E7A4F7556}") = "Catalyst.Spacy", "Catalyst.Spacy\Catalyst.Spacy.csproj", "{147D3D15-E8F3-4DEE-B058-F4CF58B98874}"
EndProject
Project("{9A19103F-16F7-4668-BE54-9A1E7A4F7556}") = "Catalyst.Spacy.Test", "Catalyst.Spacy.Test\Catalyst.Spacy.Test.csproj", "{D942EE8C-B617-4E97-8C06-47C0D2F0F80D}"
EndProject
Project("{9A19103F-16F7-4668-BE54-9A1E7A4F7556}") = "Catalyst.WordNet", "Catalyst.WordNet\Catalyst.WordNet.csproj", "{1AEFE457-B6C7-4A8F-A144-A354204AEB6B}"
EndProject
Project("{9A19103F-16F7-4668-BE54-9A1E7A4F7556}") = "Catalyst.WordNet.Test", "Catalyst.WordNet.Test\Catalyst.WordNet.Test.csproj", "{04CE63E0-0177-4A26-A916-2806657A7874}"
EndProject
Project("{2150E333-8FDC-42A3-9474-1A3956D46DE8}") = "Languages", "Languages", "{5B930C6F-3DD9-4DCD-A622-D554B7BE754E}"
EndProject
Project("{9A19103F-16F7-4668-BE54-9A1E7A4F7556}") = "Catalyst.Models.English", "Languages\English\Catalyst.Models.English.csproj", "{D6E4E3F0-EB39-43FD-9B1F-0FD9CDFD8C63}"
EndProject
Project("{9A19103F-16F7-4668-BE54-9A1E7A4F7556}") = "Catalyst.Models.Afrikaans", "Languages\Afrikaans\Catalyst.Models.Afrikaans.csproj", "{F24FC602-6A1D-4F1E-8727-768A7E87D6C5}"
EndProject
Project("{9A19103F-16F7-4668-BE54-9A1E7A4F7556}") = "Catalyst.Models.Arabic", "Languages\Arabic\Catalyst.Models.Arabic.csproj", "{4A062F3D-FFF9-4739-A864-17DD208A9268}"
EndProject
Project("{9A19103F-16F7-4668-BE54-9A1E7A4F7556}") = "Catalyst.Models.Armenian", "Languages\Armenian\Catalyst.Models.Armenian.csproj", "{00C44095-BCBA-455F-9557-C82C81E85917}"
EndProject
Project("{9A19103F-16F7-4668-BE54-9A1E7A4F7556}") = "Catalyst.Models.Basque", "Languages\Basque\Catalyst.Models.Basque.csproj", "{AB3ACD95-7CCF-4F6C-8A62-57848A15FDC4}"
EndProject
Project("{9A19103F-16F7-4668-BE54-9A1E7A4F7556}") = "Catalyst.Models.Belarusian", "Languages\Belarusian\Catalyst.Models.Belarusian.csproj", "{227B8793-BD76-40D2-90D4-6BD90060B6FB}"
EndProject
Project("{9A19103F-16F7-4668-BE54-9A1E7A4F7556}") = "Catalyst.Models.Bulgarian", "Languages\Bulgarian\Catalyst.Models.Bulgarian.csproj", "{0BFA142F-14E2-4D1A-BC76-EFA349E1A510}"
EndProject
Project("{9A19103F-16F7-4668-BE54-9A1E7A4F7556}") = "Catalyst.Models.Catalan", "Languages\Catalan\Catalyst.Models.Catalan.csproj", "{14938D53-8653-476A-8042-A263AD16E83B}"
EndProject
Project("{9A19103F-16F7-4668-BE54-9A1E7A4F7556}") = "Catalyst.Models.Chinese", "Languages\Chinese\Catalyst.Models.Chinese.csproj", "{1E00F9FE-3584-4C9F-A652-D6819278EB62}"
EndProject
Project("{9A19103F-16F7-4668-BE54-9A1E7A4F7556}") = "Catalyst.Models.Croatian", "Languages\Croatian\Catalyst.Models.Croatian.csproj", "{D89C5460-440D-4F7B-89AD-4CEB50893EBA}"
EndProject
Project("{9A19103F-16F7-4668-BE54-9A1E7A4F7556}") = "Catalyst.Models.Czech", "Languages\Czech\Catalyst.Models.Czech.csproj", "{46960B88-8D13-4103-8AAA-071FA99FB69E}"
EndProject
Project("{9A19103F-16F7-4668-BE54-9A1E7A4F7556}") = "Catalyst.Models.Danish", "Languages\Danish\Catalyst.Models.Danish.csproj", "{9508E870-699A-460E-AD89-810D49F59088}"
EndProject
Project("{9A19103F-16F7-4668-BE54-9A1E7A4F7556}") = "Catalyst.Models.Dutch", "Languages\Dutch\Catalyst.Models.Dutch.csproj", "{0AAFF118-235C-48B5-AF0C-9A87C7CF6939}"
EndProject
Project("{9A19103F-16F7-4668-BE54-9A1E7A4F7556}") = "Catalyst.Models.Estonian", "Languages\Estonian\Catalyst.Models.Estonian.csproj", "{C247ABB5-FDFF-44B5-AE75-E01A2A4D8436}"
EndProject
Project("{9A19103F-16F7-4668-BE54-9A1E7A4F7556}") = "Catalyst.Models.Faroese", "Languages\Faroese\Catalyst.Models.Faroese.csproj", "{4CAD1D75-B54C-482A-85B2-19D56CA28EC9}"
EndProject
Project("{9A19103F-16F7-4668-BE54-9A1E7A4F7556}") = "Catalyst.Models.Finnish", "Languages\Finnish\Catalyst.Models.Finnish.csproj", "{655E7C56-AEC5-4DB8-BDCD-30B76A83EF68}"
EndProject
Project("{9A19103F-16F7-4668-BE54-9A1E7A4F7556}") = "Catalyst.Models.French", "Languages\French\Catalyst.Models.French.csproj", "{2BF276D1-543F-4C18-AEA0-57A55AE8D3C1}"
EndProject
Project("{9A19103F-16F7-4668-BE54-9A1E7A4F7556}") = "Catalyst.Models.Galician", "Languages\Galician\Catalyst.Models.Galician.csproj", "{E8AF8BFD-0E6E-4B68-B391-F77D3B08D5C1}"
EndProject
Project("{9A19103F-16F7-4668-BE54-9A1E7A4F7556}") = "Catalyst.Models.German", "Languages\German\Catalyst.Models.German.csproj", "{B7779699-C5A2-4E8B-8D14-0E0F122DF191}"
EndProject
Project("{9A19103F-16F7-4668-BE54-9A1E7A4F7556}") = "Catalyst.Models.Greek_Modern", "Languages\Greek_Modern\Catalyst.Models.Greek_Modern.csproj", "{B30E8E51-FFBC-4FE5-933A-0157964D0B8B}"
EndProject
Project("{9A19103F-16F7-4668-BE54-9A1E7A4F7556}") = "Catalyst.Models.Hebrew", "Languages\Hebrew\Catalyst.Models.Hebrew.csproj", "{E166EED1-7668-42E8-8ED6-C6E4A72C829C}"
EndProject
Project("{9A19103F-16F7-4668-BE54-9A1E7A4F7556}") = "Catalyst.Models.Hindi", "Languages\Hindi\Catalyst.Models.Hindi.csproj", "{47D3913D-04F2-4E8D-AE7F-3A2A9D82979F}"
EndProject
Project("{9A19103F-16F7-4668-BE54-9A1E7A4F7556}") = "Catalyst.Models.Hungarian", "Languages\Hungarian\Catalyst.Models.Hungarian.csproj", "{00E26D6A-9772-4743-A7EF-8684A38F1980}"
EndProject
Project("{9A19103F-16F7-4668-BE54-9A1E7A4F7556}") = "Catalyst.Models.Icelandic", "Languages\Icelandic\Catalyst.Models.Icelandic.csproj", "{B78FB2D3-C73D-492E-9F44-8ABC88510871}"
EndProject
Project("{9A19103F-16F7-4668-BE54-9A1E7A4F7556}") = "Catalyst.Models.Indonesian", "Languages\Indonesian\Catalyst.Models.Indonesian.csproj", "{BED8E5C4-ED48-4F1B-B3C3-8881DD9A9D5C}"
EndProject
Project("{9A19103F-16F7-4668-BE54-9A1E7A4F7556}") = "Catalyst.Models.Irish", "Languages\Irish\Catalyst.Models.Irish.csproj", "{1C700AF8-B69A-4BA8-8516-B89985A32CB1}"
EndProject
Project("{9A19103F-16F7-4668-BE54-9A1E7A4F7556}") = "Catalyst.Models.Italian", "Languages\Italian\Catalyst.Models.Italian.csproj", "{7410FDF0-BA5E-42F6-A0A8-990AF8411DF3}"
EndProject
Project("{9A19103F-16F7-4668-BE54-9A1E7A4F7556}") = "Catalyst.Models.Japanese", "Languages\Japanese\Catalyst.Models.Japanese.csproj", "{7F72DF71-E665-47CE-BFEC-79E9CF7AED60}"
EndProject
Project("{9A19103F-16F7-4668-BE54-9A1E7A4F7556}") = "Catalyst.Models.Kazakh", "Languages\Kazakh\Catalyst.Models.Kazakh.csproj", "{DE08DC47-447C-484A-9365-86495455F32C}"
EndProject
Project("{9A19103F-16F7-4668-BE54-9A1E7A4F7556}") = "Catalyst.Models.Korean", "Languages\Korean\Catalyst.Models.Korean.csproj", "{07A77134-FF76-43FC-8B6F-8A0263DDE2B5}"
EndProject
Project("{9A19103F-16F7-4668-BE54-9A1E7A4F7556}") = "Catalyst.Models.Latin", "Languages\Latin\Catalyst.Models.Latin.csproj", "{65981774-16BB-4327-887F-E66D1654589F}"
EndProject
Project("{9A19103F-16F7-4668-BE54-9A1E7A4F7556}") = "Catalyst.Models.Latvian", "Languages\Latvian\Catalyst.Models.Latvian.csproj", "{BABACDCF-FAE4-4C24-8BB8-BC3F05DA4024}"
EndProject
Project("{9A19103F-16F7-4668-BE54-9A1E7A4F7556}") = "Catalyst.Models.Lithuanian", "Languages\Lithuanian\Catalyst.Models.Lithuanian.csproj", "{1B890E0B-2ACE-420A-AD68-0094E10BC7F5}"
EndProject
Project("{9A19103F-16F7-4668-BE54-9A1E7A4F7556}") = "Catalyst.Models.Luxembourgish_Letzeburgesch", "Languages\Luxembourgish_Letzeburgesch\Catalyst.Models.Luxembourgish_Letzeburgesch.csproj", "{910A44CA-5E9C-48E3-9BC6-958D4F8EBAF4}"
EndProject
Project("{9A19103F-16F7-4668-BE54-9A1E7A4F7556}") = "Catalyst.Models.Macedonian", "Languages\Macedonian\Catalyst.Models.Macedonian.csproj", "{107D4BE0-9D9E-44DB-B56A-E9823CA32796}"
EndProject
Project("{9A19103F-16F7-4668-BE54-9A1E7A4F7556}") = "Catalyst.Models.Maltese", "Languages\Maltese\Catalyst.Models.Maltese.csproj", "{9791E56D-2C53-4A93-82D3-E01471862B5A}"
EndProject
Project("{9A19103F-16F7-4668-BE54-9A1E7A4F7556}") = "Catalyst.Models.Marathi", "Languages\Marathi\Catalyst.Models.Marathi.csproj", "{8BC314A6-84D1-4304-809D-65B432139C46}"
EndProject
Project("{9A19103F-16F7-4668-BE54-9A1E7A4F7556}") = "Catalyst.Models.Norwegian", "Languages\Norwegian\Catalyst.Models.Norwegian.csproj", "{B3E86A55-5227-4457-9FD0-5005F25BF497}"
EndProject
Project("{9A19103F-16F7-4668-BE54-9A1E7A4F7556}") = "Catalyst.Models.Persian", "Languages\Persian\Catalyst.Models.Persian.csproj", "{580F28CD-6E32-4A3B-BF2B-C833CB873CF3}"
EndProject
Project("{9A19103F-16F7-4668-BE54-9A1E7A4F7556}") = "Catalyst.Models.Polish", "Languages\Polish\Catalyst.Models.Polish.csproj", "{C6713B94-95C7-41E7-A14C-9D6AA57CCA91}"
EndProject
Project("{9A19103F-16F7-4668-BE54-9A1E7A4F7556}") = "Catalyst.Models.Portuguese", "Languages\Portuguese\Catalyst.Models.Portuguese.csproj", "{84966F80-A415-40D0-93F8-6092CDD60623}"
EndProject
Project("{9A19103F-16F7-4668-BE54-9A1E7A4F7556}") = "Catalyst.Models.Romanian", "Languages\Romanian\Catalyst.Models.Romanian.csproj", "{DEFE58FF-EAC1-4ACD-9D5C-E349501747F7}"
EndProject
Project("{9A19103F-16F7-4668-BE54-9A1E7A4F7556}") = "Catalyst.Models.Russian", "Languages\Russian\Catalyst.Models.Russian.csproj", "{6927F4C1-DB13-408D-8076-008507EC03A8}"
EndProject
Project("{9A19103F-16F7-4668-BE54-9A1E7A4F7556}") = "Catalyst.Models.Serbian", "Languages\Serbian\Catalyst.Models.Serbian.csproj", "{153469AC-9A84-479D-A31A-929BCD50F8FC}"
EndProject
Project("{9A19103F-16F7-4668-BE54-9A1E7A4F7556}") = "Catalyst.Models.Slovak", "Languages\Slovak\Catalyst.Models.Slovak.csproj", "{A5AB953A-2FB5-4A1B-81FC-0FF5C9B7D7D9}"
EndProject
Project("{9A19103F-16F7-4668-BE54-9A1E7A4F7556}") = "Catalyst.Models.Slovenian", "Languages\Slovenian\Catalyst.Models.Slovenian.csproj", "{9EC04F1C-5D7D-4AFE-BF1C-ED62DB3D9B5C}"
EndProject
Project("{9A19103F-16F7-4668-BE54-9A1E7A4F7556}") = "Catalyst.Models.Spanish", "Languages\Spanish\Catalyst.Models.Spanish.csproj", "{DF4899C5-60B5-4CE2-9C46-FFC033504516}"
EndProject
Project("{9A19103F-16F7-4668-BE54-9A1E7A4F7556}") = "Catalyst.Models.Swedish", "Languages\Swedish\Catalyst.Models.Swedish.csproj", "{7B747130-6AC9-4AFA-A4E7-4A2CEB5FEDA7}"
EndProject
Project("{9A19103F-16F7-4668-BE54-9A1E7A4F7556}") = "Catalyst.Models.Tagalog", "Languages\Tagalog\Catalyst.Models.Tagalog.csproj", "{14FCDBC3-EF1B-408E-9B59-81B961FEEF17}"
EndProject
Project("{9A19103F-16F7-4668-BE54-9A1E7A4F7556}") = "Catalyst.Models.Tamil", "Languages\Tamil\Catalyst.Models.Tamil.csproj", "{A0ECFBEF-CF25-4D31-8792-BBA1D50D07DE}"
EndProject
Project("{9A19103F-16F7-4668-BE54-9A1E7A4F7556}") = "Catalyst.Models.Telugu", "Languages\Telugu\Catalyst.Models.Telugu.csproj", "{3C259E4B-24EE-41E1-8273-3350D755305E}"
EndProject
Project("{9A19103F-16F7-4668-BE54-9A1E7A4F7556}") = "Catalyst.Models.Turkish", "Languages\Turkish\Catalyst.Models.Turkish.csproj", "{2DF69ACD-D0C8-4888-8BCA-7FA8B5880B5F}"
EndProject
Project("{9A19103F-16F7-4668-BE54-9A1E7A4F7556}") = "Catalyst.Models.Uighur", "Languages\Uighur\Catalyst.Models.Uighur.csproj", "{621B259B-2081-429F-A96C-3FAC308AC9DA}"
EndProject
Project("{9A19103F-16F7-4668-BE54-9A1E7A4F7556}") = "Catalyst.Models.Ukrainian", "Languages\Ukrainian\Catalyst.Models.Ukrainian.csproj", "{05EFC1C9-D6B1-4B64-9A51-BE36B3EEC52C}"
EndProject
Project("{9A19103F-16F7-4668-BE54-9A1E7A4F7556}") = "Catalyst.Models.Urdu", "Languages\Urdu\Catalyst.Models.Urdu.csproj", "{00A6A85B-AC80-42F9-B930-6CC2E4F1A45F}"
EndProject
Project("{9A19103F-16F7-4668-BE54-9A1E7A4F7556}") = "Catalyst.Models.Vietnamese", "Languages\Vietnamese\Catalyst.Models.Vietnamese.csproj", "{F828EA98-FA76-4D25-BB33-F5CBA5F795AD}"
EndProject
Project("{9A19103F-16F7-4668-BE54-9A1E7A4F7556}") = "Catalyst.Models.Wolof", "Languages\Wolof\Catalyst.Models.Wolof.csproj", "{D6C5654D-918A-48C8-83DD-BBB27ED4A058}"
EndProject
Project("{9A19103F-16F7-4668-BE54-9A1E7A4F7556}") = "Catalyst.Models.Church_Slavic_Slavonic_Old_Bulgarian", "Languages\Church_Slavic_Slavonic_Old_Bulgarian\Catalyst.Models.Church_Slavic_Slavonic_Old_Bulgarian.csproj", "{65A65686-BE93-44F8-9938-3B37BEDA02D6}"
EndProject
Project("{9A19103F-16F7-4668-BE54-9A1E7A4F7556}") = "Catalyst.Models.Gaelic_Scottish_Gaelic", "Languages\Gaelic_Scottish_Gaelic\Catalyst.Models.Gaelic_Scottish_Gaelic.csproj", "{EA6AD876-6992-462B-9441-376B1D8CA594}"
EndProject
Project("{9A19103F-16F7-4668-BE54-9A1E7A4F7556}") = "Catalyst.Models.Norwegian_Bokmal", "Languages\Norwegian_Bokmal\Catalyst.Models.Norwegian_Bokmal.csproj", "{8B74F28A-7643-4BD7-907D-0DFD0D5287D6}"
EndProject
Project("{9A19103F-16F7-4668-BE54-9A1E7A4F7556}") = "Catalyst.Models.English.ForTests", "Languages.ForTests\English.ForTests\Catalyst.Models.English.ForTests.csproj", "{E66840D8-AD0A-4BDE-8B8D-7AB7CC00655E}"
EndProject
Project("{2150E333-8FDC-42A3-9474-1A3956D46DE8}") = "Languages.ForTests", "Languages.ForTests", "{8DE3267D-8A39-4C97-A539-ACE57E267999}"
EndProject
Project("{9A19103F-16F7-4668-BE54-9A1E7A4F7556}") = "Catalyst.Models.English.ForTests", "Languages.ForTest\English.ForTests\Catalyst.Models.English.ForTests.csproj", "{2A902162-77F0-4642-B917-E463B3EA18E4}"
EndProject
Project("{FAE04EC0-301F-11D3-BF4B-00C04F79EFBC}") = "Catalyst.MSTest", "tests\Catalyst.MSTest\Catalyst.MSTest.csproj", "{C6A5F503-E1DC-40C6-B9A6-2FB1139294B2}"
EndProject
Project("{2150E333-8FDC-42A3-9474-1A3956D46DE8}") = "Languages.ForTest", "Languages.ForTest", "{74E61662-09E9-1C2C-24F4-1B257C798278}"
EndProject
Project("{2150E333-8FDC-42A3-9474-1A3956D46DE8}") = "English.ForTests", "English.ForTests", "{D4BD3C44-9894-1EF8-F001-384194C70440}"
EndProject
Global
	GlobalSection(SolutionConfigurationPlatforms) = preSolution
		Debug|Any CPU = Debug|Any CPU
		Debug|x64 = Debug|x64
		Debug|x86 = Debug|x86
		Release|Any CPU = Release|Any CPU
		Release|x64 = Release|x64
		Release|x86 = Release|x86
	EndGlobalSection
	GlobalSection(ProjectConfigurationPlatforms) = postSolution
		{A86A90FD-73AB-49B4-8757-B7649EF6F470}.Debug|Any CPU.ActiveCfg = Debug|Any CPU
		{A86A90FD-73AB-49B4-8757-B7649EF6F470}.Debug|Any CPU.Build.0 = Debug|Any CPU
		{A86A90FD-73AB-49B4-8757-B7649EF6F470}.Debug|x64.ActiveCfg = Debug|Any CPU
		{A86A90FD-73AB-49B4-8757-B7649EF6F470}.Debug|x64.Build.0 = Debug|Any CPU
		{A86A90FD-73AB-49B4-8757-B7649EF6F470}.Debug|x86.ActiveCfg = Debug|Any CPU
		{A86A90FD-73AB-49B4-8757-B7649EF6F470}.Debug|x86.Build.0 = Debug|Any CPU
		{A86A90FD-73AB-49B4-8757-B7649EF6F470}.Release|Any CPU.ActiveCfg = Release|Any CPU
		{A86A90FD-73AB-49B4-8757-B7649EF6F470}.Release|Any CPU.Build.0 = Release|Any CPU
		{A86A90FD-73AB-49B4-8757-B7649EF6F470}.Release|x64.ActiveCfg = Release|Any CPU
		{A86A90FD-73AB-49B4-8757-B7649EF6F470}.Release|x64.Build.0 = Release|Any CPU
		{A86A90FD-73AB-49B4-8757-B7649EF6F470}.Release|x86.ActiveCfg = Release|Any CPU
		{A86A90FD-73AB-49B4-8757-B7649EF6F470}.Release|x86.Build.0 = Release|Any CPU
		{8D171C86-5A9A-43D3-9A16-7DDE7CE61AA1}.Debug|Any CPU.ActiveCfg = Debug|Any CPU
		{8D171C86-5A9A-43D3-9A16-7DDE7CE61AA1}.Debug|Any CPU.Build.0 = Debug|Any CPU
		{8D171C86-5A9A-43D3-9A16-7DDE7CE61AA1}.Debug|x64.ActiveCfg = Debug|Any CPU
		{8D171C86-5A9A-43D3-9A16-7DDE7CE61AA1}.Debug|x64.Build.0 = Debug|Any CPU
		{8D171C86-5A9A-43D3-9A16-7DDE7CE61AA1}.Debug|x86.ActiveCfg = Debug|Any CPU
		{8D171C86-5A9A-43D3-9A16-7DDE7CE61AA1}.Debug|x86.Build.0 = Debug|Any CPU
		{8D171C86-5A9A-43D3-9A16-7DDE7CE61AA1}.Release|Any CPU.ActiveCfg = Release|Any CPU
		{8D171C86-5A9A-43D3-9A16-7DDE7CE61AA1}.Release|Any CPU.Build.0 = Release|Any CPU
		{8D171C86-5A9A-43D3-9A16-7DDE7CE61AA1}.Release|x64.ActiveCfg = Release|Any CPU
		{8D171C86-5A9A-43D3-9A16-7DDE7CE61AA1}.Release|x64.Build.0 = Release|Any CPU
		{8D171C86-5A9A-43D3-9A16-7DDE7CE61AA1}.Release|x86.ActiveCfg = Release|Any CPU
		{8D171C86-5A9A-43D3-9A16-7DDE7CE61AA1}.Release|x86.Build.0 = Release|Any CPU
		{05051CDB-636C-4884-8D2B-58B01267E33D}.Debug|Any CPU.ActiveCfg = Debug|Any CPU
		{05051CDB-636C-4884-8D2B-58B01267E33D}.Debug|Any CPU.Build.0 = Debug|Any CPU
		{05051CDB-636C-4884-8D2B-58B01267E33D}.Debug|x64.ActiveCfg = Debug|Any CPU
		{05051CDB-636C-4884-8D2B-58B01267E33D}.Debug|x64.Build.0 = Debug|Any CPU
		{05051CDB-636C-4884-8D2B-58B01267E33D}.Debug|x86.ActiveCfg = Debug|Any CPU
		{05051CDB-636C-4884-8D2B-58B01267E33D}.Debug|x86.Build.0 = Debug|Any CPU
		{05051CDB-636C-4884-8D2B-58B01267E33D}.Release|Any CPU.ActiveCfg = Release|Any CPU
		{05051CDB-636C-4884-8D2B-58B01267E33D}.Release|Any CPU.Build.0 = Release|Any CPU
		{05051CDB-636C-4884-8D2B-58B01267E33D}.Release|x64.ActiveCfg = Release|Any CPU
		{05051CDB-636C-4884-8D2B-58B01267E33D}.Release|x64.Build.0 = Release|Any CPU
		{05051CDB-636C-4884-8D2B-58B01267E33D}.Release|x86.ActiveCfg = Release|Any CPU
		{05051CDB-636C-4884-8D2B-58B01267E33D}.Release|x86.Build.0 = Release|Any CPU
		{CE8805D3-D498-4788-BF3A-7513491BC924}.Debug|Any CPU.ActiveCfg = Debug|Any CPU
		{CE8805D3-D498-4788-BF3A-7513491BC924}.Debug|Any CPU.Build.0 = Debug|Any CPU
		{CE8805D3-D498-4788-BF3A-7513491BC924}.Debug|x64.ActiveCfg = Debug|Any CPU
		{CE8805D3-D498-4788-BF3A-7513491BC924}.Debug|x64.Build.0 = Debug|Any CPU
		{CE8805D3-D498-4788-BF3A-7513491BC924}.Debug|x86.ActiveCfg = Debug|Any CPU
		{CE8805D3-D498-4788-BF3A-7513491BC924}.Debug|x86.Build.0 = Debug|Any CPU
		{CE8805D3-D498-4788-BF3A-7513491BC924}.Release|Any CPU.ActiveCfg = Release|Any CPU
		{CE8805D3-D498-4788-BF3A-7513491BC924}.Release|Any CPU.Build.0 = Release|Any CPU
		{CE8805D3-D498-4788-BF3A-7513491BC924}.Release|x64.ActiveCfg = Release|Any CPU
		{CE8805D3-D498-4788-BF3A-7513491BC924}.Release|x64.Build.0 = Release|Any CPU
		{CE8805D3-D498-4788-BF3A-7513491BC924}.Release|x86.ActiveCfg = Release|Any CPU
		{CE8805D3-D498-4788-BF3A-7513491BC924}.Release|x86.Build.0 = Release|Any CPU
		{C0D411D8-49F3-489D-9F4E-F2A0D93B40B9}.Debug|Any CPU.ActiveCfg = Debug|Any CPU
		{C0D411D8-49F3-489D-9F4E-F2A0D93B40B9}.Debug|Any CPU.Build.0 = Debug|Any CPU
		{C0D411D8-49F3-489D-9F4E-F2A0D93B40B9}.Debug|x64.ActiveCfg = Debug|Any CPU
		{C0D411D8-49F3-489D-9F4E-F2A0D93B40B9}.Debug|x64.Build.0 = Debug|Any CPU
		{C0D411D8-49F3-489D-9F4E-F2A0D93B40B9}.Debug|x86.ActiveCfg = Debug|Any CPU
		{C0D411D8-49F3-489D-9F4E-F2A0D93B40B9}.Debug|x86.Build.0 = Debug|Any CPU
		{C0D411D8-49F3-489D-9F4E-F2A0D93B40B9}.Release|Any CPU.ActiveCfg = Release|Any CPU
		{C0D411D8-49F3-489D-9F4E-F2A0D93B40B9}.Release|Any CPU.Build.0 = Release|Any CPU
		{C0D411D8-49F3-489D-9F4E-F2A0D93B40B9}.Release|x64.ActiveCfg = Release|Any CPU
		{C0D411D8-49F3-489D-9F4E-F2A0D93B40B9}.Release|x64.Build.0 = Release|Any CPU
		{C0D411D8-49F3-489D-9F4E-F2A0D93B40B9}.Release|x86.ActiveCfg = Release|Any CPU
		{C0D411D8-49F3-489D-9F4E-F2A0D93B40B9}.Release|x86.Build.0 = Release|Any CPU
		{0B751ADF-3B70-4F1F-BD1D-945348A5C5AE}.Debug|Any CPU.ActiveCfg = Debug|Any CPU
		{0B751ADF-3B70-4F1F-BD1D-945348A5C5AE}.Debug|Any CPU.Build.0 = Debug|Any CPU
		{0B751ADF-3B70-4F1F-BD1D-945348A5C5AE}.Debug|x64.ActiveCfg = Debug|Any CPU
		{0B751ADF-3B70-4F1F-BD1D-945348A5C5AE}.Debug|x64.Build.0 = Debug|Any CPU
		{0B751ADF-3B70-4F1F-BD1D-945348A5C5AE}.Debug|x86.ActiveCfg = Debug|Any CPU
		{0B751ADF-3B70-4F1F-BD1D-945348A5C5AE}.Debug|x86.Build.0 = Debug|Any CPU
		{0B751ADF-3B70-4F1F-BD1D-945348A5C5AE}.Release|Any CPU.ActiveCfg = Release|Any CPU
		{0B751ADF-3B70-4F1F-BD1D-945348A5C5AE}.Release|Any CPU.Build.0 = Release|Any CPU
		{0B751ADF-3B70-4F1F-BD1D-945348A5C5AE}.Release|x64.ActiveCfg = Release|Any CPU
		{0B751ADF-3B70-4F1F-BD1D-945348A5C5AE}.Release|x64.Build.0 = Release|Any CPU
		{0B751ADF-3B70-4F1F-BD1D-945348A5C5AE}.Release|x86.ActiveCfg = Release|Any CPU
		{0B751ADF-3B70-4F1F-BD1D-945348A5C5AE}.Release|x86.Build.0 = Release|Any CPU
		{D7ACC2C9-C5EE-4807-8D48-C6A674B56C7D}.Debug|Any CPU.ActiveCfg = Debug|Any CPU
		{D7ACC2C9-C5EE-4807-8D48-C6A674B56C7D}.Debug|Any CPU.Build.0 = Debug|Any CPU
		{D7ACC2C9-C5EE-4807-8D48-C6A674B56C7D}.Debug|x64.ActiveCfg = Debug|Any CPU
		{D7ACC2C9-C5EE-4807-8D48-C6A674B56C7D}.Debug|x64.Build.0 = Debug|Any CPU
		{D7ACC2C9-C5EE-4807-8D48-C6A674B56C7D}.Debug|x86.ActiveCfg = Debug|Any CPU
		{D7ACC2C9-C5EE-4807-8D48-C6A674B56C7D}.Debug|x86.Build.0 = Debug|Any CPU
		{D7ACC2C9-C5EE-4807-8D48-C6A674B56C7D}.Release|Any CPU.ActiveCfg = Release|Any CPU
		{D7ACC2C9-C5EE-4807-8D48-C6A674B56C7D}.Release|Any CPU.Build.0 = Release|Any CPU
		{D7ACC2C9-C5EE-4807-8D48-C6A674B56C7D}.Release|x64.ActiveCfg = Release|Any CPU
		{D7ACC2C9-C5EE-4807-8D48-C6A674B56C7D}.Release|x64.Build.0 = Release|Any CPU
		{D7ACC2C9-C5EE-4807-8D48-C6A674B56C7D}.Release|x86.ActiveCfg = Release|Any CPU
		{D7ACC2C9-C5EE-4807-8D48-C6A674B56C7D}.Release|x86.Build.0 = Release|Any CPU
		{16E57B2E-5A60-4D26-8CE8-A511C724EE41}.Debug|Any CPU.ActiveCfg = Debug|Any CPU
		{16E57B2E-5A60-4D26-8CE8-A511C724EE41}.Debug|Any CPU.Build.0 = Debug|Any CPU
		{16E57B2E-5A60-4D26-8CE8-A511C724EE41}.Debug|x64.ActiveCfg = Debug|Any CPU
		{16E57B2E-5A60-4D26-8CE8-A511C724EE41}.Debug|x64.Build.0 = Debug|Any CPU
		{16E57B2E-5A60-4D26-8CE8-A511C724EE41}.Debug|x86.ActiveCfg = Debug|Any CPU
		{16E57B2E-5A60-4D26-8CE8-A511C724EE41}.Debug|x86.Build.0 = Debug|Any CPU
		{16E57B2E-5A60-4D26-8CE8-A511C724EE41}.Release|Any CPU.ActiveCfg = Release|Any CPU
		{16E57B2E-5A60-4D26-8CE8-A511C724EE41}.Release|Any CPU.Build.0 = Release|Any CPU
		{16E57B2E-5A60-4D26-8CE8-A511C724EE41}.Release|x64.ActiveCfg = Release|Any CPU
		{16E57B2E-5A60-4D26-8CE8-A511C724EE41}.Release|x64.Build.0 = Release|Any CPU
		{16E57B2E-5A60-4D26-8CE8-A511C724EE41}.Release|x86.ActiveCfg = Release|Any CPU
		{16E57B2E-5A60-4D26-8CE8-A511C724EE41}.Release|x86.Build.0 = Release|Any CPU
		{337E677F-9261-49C3-9D38-811555FF80FA}.Debug|Any CPU.ActiveCfg = Debug|Any CPU
		{337E677F-9261-49C3-9D38-811555FF80FA}.Debug|Any CPU.Build.0 = Debug|Any CPU
		{337E677F-9261-49C3-9D38-811555FF80FA}.Debug|x64.ActiveCfg = Debug|Any CPU
		{337E677F-9261-49C3-9D38-811555FF80FA}.Debug|x64.Build.0 = Debug|Any CPU
		{337E677F-9261-49C3-9D38-811555FF80FA}.Debug|x86.ActiveCfg = Debug|Any CPU
		{337E677F-9261-49C3-9D38-811555FF80FA}.Debug|x86.Build.0 = Debug|Any CPU
		{337E677F-9261-49C3-9D38-811555FF80FA}.Release|Any CPU.ActiveCfg = Release|Any CPU
		{337E677F-9261-49C3-9D38-811555FF80FA}.Release|Any CPU.Build.0 = Release|Any CPU
		{337E677F-9261-49C3-9D38-811555FF80FA}.Release|x64.ActiveCfg = Release|Any CPU
		{337E677F-9261-49C3-9D38-811555FF80FA}.Release|x64.Build.0 = Release|Any CPU
		{337E677F-9261-49C3-9D38-811555FF80FA}.Release|x86.ActiveCfg = Release|Any CPU
		{337E677F-9261-49C3-9D38-811555FF80FA}.Release|x86.Build.0 = Release|Any CPU
		{147D3D15-E8F3-4DEE-B058-F4CF58B98874}.Debug|Any CPU.ActiveCfg = Debug|Any CPU
		{147D3D15-E8F3-4DEE-B058-F4CF58B98874}.Debug|Any CPU.Build.0 = Debug|Any CPU
		{147D3D15-E8F3-4DEE-B058-F4CF58B98874}.Debug|x64.ActiveCfg = Debug|Any CPU
		{147D3D15-E8F3-4DEE-B058-F4CF58B98874}.Debug|x64.Build.0 = Debug|Any CPU
		{147D3D15-E8F3-4DEE-B058-F4CF58B98874}.Debug|x86.ActiveCfg = Debug|Any CPU
		{147D3D15-E8F3-4DEE-B058-F4CF58B98874}.Debug|x86.Build.0 = Debug|Any CPU
		{147D3D15-E8F3-4DEE-B058-F4CF58B98874}.Release|Any CPU.ActiveCfg = Release|Any CPU
		{147D3D15-E8F3-4DEE-B058-F4CF58B98874}.Release|Any CPU.Build.0 = Release|Any CPU
		{147D3D15-E8F3-4DEE-B058-F4CF58B98874}.Release|x64.ActiveCfg = Release|Any CPU
		{147D3D15-E8F3-4DEE-B058-F4CF58B98874}.Release|x64.Build.0 = Release|Any CPU
		{147D3D15-E8F3-4DEE-B058-F4CF58B98874}.Release|x86.ActiveCfg = Release|Any CPU
		{147D3D15-E8F3-4DEE-B058-F4CF58B98874}.Release|x86.Build.0 = Release|Any CPU
		{D942EE8C-B617-4E97-8C06-47C0D2F0F80D}.Debug|Any CPU.ActiveCfg = Debug|Any CPU
		{D942EE8C-B617-4E97-8C06-47C0D2F0F80D}.Debug|Any CPU.Build.0 = Debug|Any CPU
		{D942EE8C-B617-4E97-8C06-47C0D2F0F80D}.Debug|x64.ActiveCfg = Debug|Any CPU
		{D942EE8C-B617-4E97-8C06-47C0D2F0F80D}.Debug|x64.Build.0 = Debug|Any CPU
		{D942EE8C-B617-4E97-8C06-47C0D2F0F80D}.Debug|x86.ActiveCfg = Debug|Any CPU
		{D942EE8C-B617-4E97-8C06-47C0D2F0F80D}.Debug|x86.Build.0 = Debug|Any CPU
		{D942EE8C-B617-4E97-8C06-47C0D2F0F80D}.Release|Any CPU.ActiveCfg = Release|Any CPU
		{D942EE8C-B617-4E97-8C06-47C0D2F0F80D}.Release|Any CPU.Build.0 = Release|Any CPU
		{D942EE8C-B617-4E97-8C06-47C0D2F0F80D}.Release|x64.ActiveCfg = Release|Any CPU
		{D942EE8C-B617-4E97-8C06-47C0D2F0F80D}.Release|x64.Build.0 = Release|Any CPU
		{D942EE8C-B617-4E97-8C06-47C0D2F0F80D}.Release|x86.ActiveCfg = Release|Any CPU
		{D942EE8C-B617-4E97-8C06-47C0D2F0F80D}.Release|x86.Build.0 = Release|Any CPU
		{1AEFE457-B6C7-4A8F-A144-A354204AEB6B}.Debug|Any CPU.ActiveCfg = Debug|Any CPU
		{1AEFE457-B6C7-4A8F-A144-A354204AEB6B}.Debug|Any CPU.Build.0 = Debug|Any CPU
		{1AEFE457-B6C7-4A8F-A144-A354204AEB6B}.Debug|x64.ActiveCfg = Debug|Any CPU
		{1AEFE457-B6C7-4A8F-A144-A354204AEB6B}.Debug|x64.Build.0 = Debug|Any CPU
		{1AEFE457-B6C7-4A8F-A144-A354204AEB6B}.Debug|x86.ActiveCfg = Debug|Any CPU
		{1AEFE457-B6C7-4A8F-A144-A354204AEB6B}.Debug|x86.Build.0 = Debug|Any CPU
		{1AEFE457-B6C7-4A8F-A144-A354204AEB6B}.Release|Any CPU.ActiveCfg = Release|Any CPU
		{1AEFE457-B6C7-4A8F-A144-A354204AEB6B}.Release|Any CPU.Build.0 = Release|Any CPU
		{1AEFE457-B6C7-4A8F-A144-A354204AEB6B}.Release|x64.ActiveCfg = Release|Any CPU
		{1AEFE457-B6C7-4A8F-A144-A354204AEB6B}.Release|x64.Build.0 = Release|Any CPU
		{1AEFE457-B6C7-4A8F-A144-A354204AEB6B}.Release|x86.ActiveCfg = Release|Any CPU
		{1AEFE457-B6C7-4A8F-A144-A354204AEB6B}.Release|x86.Build.0 = Release|Any CPU
		{04CE63E0-0177-4A26-A916-2806657A7874}.Debug|Any CPU.ActiveCfg = Debug|Any CPU
		{04CE63E0-0177-4A26-A916-2806657A7874}.Debug|Any CPU.Build.0 = Debug|Any CPU
		{04CE63E0-0177-4A26-A916-2806657A7874}.Debug|x64.ActiveCfg = Debug|Any CPU
		{04CE63E0-0177-4A26-A916-2806657A7874}.Debug|x64.Build.0 = Debug|Any CPU
		{04CE63E0-0177-4A26-A916-2806657A7874}.Debug|x86.ActiveCfg = Debug|Any CPU
		{04CE63E0-0177-4A26-A916-2806657A7874}.Debug|x86.Build.0 = Debug|Any CPU
		{04CE63E0-0177-4A26-A916-2806657A7874}.Release|Any CPU.ActiveCfg = Release|Any CPU
		{04CE63E0-0177-4A26-A916-2806657A7874}.Release|Any CPU.Build.0 = Release|Any CPU
		{04CE63E0-0177-4A26-A916-2806657A7874}.Release|x64.ActiveCfg = Release|Any CPU
		{04CE63E0-0177-4A26-A916-2806657A7874}.Release|x64.Build.0 = Release|Any CPU
		{04CE63E0-0177-4A26-A916-2806657A7874}.Release|x86.ActiveCfg = Release|Any CPU
		{04CE63E0-0177-4A26-A916-2806657A7874}.Release|x86.Build.0 = Release|Any CPU
		{D6E4E3F0-EB39-43FD-9B1F-0FD9CDFD8C63}.Debug|Any CPU.ActiveCfg = Debug|Any CPU
		{D6E4E3F0-EB39-43FD-9B1F-0FD9CDFD8C63}.Debug|Any CPU.Build.0 = Debug|Any CPU
		{D6E4E3F0-EB39-43FD-9B1F-0FD9CDFD8C63}.Debug|x64.ActiveCfg = Debug|Any CPU
		{D6E4E3F0-EB39-43FD-9B1F-0FD9CDFD8C63}.Debug|x64.Build.0 = Debug|Any CPU
		{D6E4E3F0-EB39-43FD-9B1F-0FD9CDFD8C63}.Debug|x86.ActiveCfg = Debug|Any CPU
		{D6E4E3F0-EB39-43FD-9B1F-0FD9CDFD8C63}.Debug|x86.Build.0 = Debug|Any CPU
		{D6E4E3F0-EB39-43FD-9B1F-0FD9CDFD8C63}.Release|Any CPU.ActiveCfg = Release|Any CPU
		{D6E4E3F0-EB39-43FD-9B1F-0FD9CDFD8C63}.Release|Any CPU.Build.0 = Release|Any CPU
		{D6E4E3F0-EB39-43FD-9B1F-0FD9CDFD8C63}.Release|x64.ActiveCfg = Release|Any CPU
		{D6E4E3F0-EB39-43FD-9B1F-0FD9CDFD8C63}.Release|x64.Build.0 = Release|Any CPU
		{D6E4E3F0-EB39-43FD-9B1F-0FD9CDFD8C63}.Release|x86.ActiveCfg = Release|Any CPU
		{D6E4E3F0-EB39-43FD-9B1F-0FD9CDFD8C63}.Release|x86.Build.0 = Release|Any CPU
		{F24FC602-6A1D-4F1E-8727-768A7E87D6C5}.Debug|Any CPU.ActiveCfg = Debug|Any CPU
		{F24FC602-6A1D-4F1E-8727-768A7E87D6C5}.Debug|Any CPU.Build.0 = Debug|Any CPU
		{F24FC602-6A1D-4F1E-8727-768A7E87D6C5}.Debug|x64.ActiveCfg = Debug|Any CPU
		{F24FC602-6A1D-4F1E-8727-768A7E87D6C5}.Debug|x64.Build.0 = Debug|Any CPU
		{F24FC602-6A1D-4F1E-8727-768A7E87D6C5}.Debug|x86.ActiveCfg = Debug|Any CPU
		{F24FC602-6A1D-4F1E-8727-768A7E87D6C5}.Debug|x86.Build.0 = Debug|Any CPU
		{F24FC602-6A1D-4F1E-8727-768A7E87D6C5}.Release|Any CPU.ActiveCfg = Release|Any CPU
		{F24FC602-6A1D-4F1E-8727-768A7E87D6C5}.Release|Any CPU.Build.0 = Release|Any CPU
		{F24FC602-6A1D-4F1E-8727-768A7E87D6C5}.Release|x64.ActiveCfg = Release|Any CPU
		{F24FC602-6A1D-4F1E-8727-768A7E87D6C5}.Release|x64.Build.0 = Release|Any CPU
		{F24FC602-6A1D-4F1E-8727-768A7E87D6C5}.Release|x86.ActiveCfg = Release|Any CPU
		{F24FC602-6A1D-4F1E-8727-768A7E87D6C5}.Release|x86.Build.0 = Release|Any CPU
		{4A062F3D-FFF9-4739-A864-17DD208A9268}.Debug|Any CPU.ActiveCfg = Debug|Any CPU
		{4A062F3D-FFF9-4739-A864-17DD208A9268}.Debug|Any CPU.Build.0 = Debug|Any CPU
		{4A062F3D-FFF9-4739-A864-17DD208A9268}.Debug|x64.ActiveCfg = Debug|Any CPU
		{4A062F3D-FFF9-4739-A864-17DD208A9268}.Debug|x64.Build.0 = Debug|Any CPU
		{4A062F3D-FFF9-4739-A864-17DD208A9268}.Debug|x86.ActiveCfg = Debug|Any CPU
		{4A062F3D-FFF9-4739-A864-17DD208A9268}.Debug|x86.Build.0 = Debug|Any CPU
		{4A062F3D-FFF9-4739-A864-17DD208A9268}.Release|Any CPU.ActiveCfg = Release|Any CPU
		{4A062F3D-FFF9-4739-A864-17DD208A9268}.Release|Any CPU.Build.0 = Release|Any CPU
		{4A062F3D-FFF9-4739-A864-17DD208A9268}.Release|x64.ActiveCfg = Release|Any CPU
		{4A062F3D-FFF9-4739-A864-17DD208A9268}.Release|x64.Build.0 = Release|Any CPU
		{4A062F3D-FFF9-4739-A864-17DD208A9268}.Release|x86.ActiveCfg = Release|Any CPU
		{4A062F3D-FFF9-4739-A864-17DD208A9268}.Release|x86.Build.0 = Release|Any CPU
		{00C44095-BCBA-455F-9557-C82C81E85917}.Debug|Any CPU.ActiveCfg = Debug|Any CPU
		{00C44095-BCBA-455F-9557-C82C81E85917}.Debug|Any CPU.Build.0 = Debug|Any CPU
		{00C44095-BCBA-455F-9557-C82C81E85917}.Debug|x64.ActiveCfg = Debug|Any CPU
		{00C44095-BCBA-455F-9557-C82C81E85917}.Debug|x64.Build.0 = Debug|Any CPU
		{00C44095-BCBA-455F-9557-C82C81E85917}.Debug|x86.ActiveCfg = Debug|Any CPU
		{00C44095-BCBA-455F-9557-C82C81E85917}.Debug|x86.Build.0 = Debug|Any CPU
		{00C44095-BCBA-455F-9557-C82C81E85917}.Release|Any CPU.ActiveCfg = Release|Any CPU
		{00C44095-BCBA-455F-9557-C82C81E85917}.Release|Any CPU.Build.0 = Release|Any CPU
		{00C44095-BCBA-455F-9557-C82C81E85917}.Release|x64.ActiveCfg = Release|Any CPU
		{00C44095-BCBA-455F-9557-C82C81E85917}.Release|x64.Build.0 = Release|Any CPU
		{00C44095-BCBA-455F-9557-C82C81E85917}.Release|x86.ActiveCfg = Release|Any CPU
		{00C44095-BCBA-455F-9557-C82C81E85917}.Release|x86.Build.0 = Release|Any CPU
		{AB3ACD95-7CCF-4F6C-8A62-57848A15FDC4}.Debug|Any CPU.ActiveCfg = Debug|Any CPU
		{AB3ACD95-7CCF-4F6C-8A62-57848A15FDC4}.Debug|Any CPU.Build.0 = Debug|Any CPU
		{AB3ACD95-7CCF-4F6C-8A62-57848A15FDC4}.Debug|x64.ActiveCfg = Debug|Any CPU
		{AB3ACD95-7CCF-4F6C-8A62-57848A15FDC4}.Debug|x64.Build.0 = Debug|Any CPU
		{AB3ACD95-7CCF-4F6C-8A62-57848A15FDC4}.Debug|x86.ActiveCfg = Debug|Any CPU
		{AB3ACD95-7CCF-4F6C-8A62-57848A15FDC4}.Debug|x86.Build.0 = Debug|Any CPU
		{AB3ACD95-7CCF-4F6C-8A62-57848A15FDC4}.Release|Any CPU.ActiveCfg = Release|Any CPU
		{AB3ACD95-7CCF-4F6C-8A62-57848A15FDC4}.Release|Any CPU.Build.0 = Release|Any CPU
		{AB3ACD95-7CCF-4F6C-8A62-57848A15FDC4}.Release|x64.ActiveCfg = Release|Any CPU
		{AB3ACD95-7CCF-4F6C-8A62-57848A15FDC4}.Release|x64.Build.0 = Release|Any CPU
		{AB3ACD95-7CCF-4F6C-8A62-57848A15FDC4}.Release|x86.ActiveCfg = Release|Any CPU
		{AB3ACD95-7CCF-4F6C-8A62-57848A15FDC4}.Release|x86.Build.0 = Release|Any CPU
		{227B8793-BD76-40D2-90D4-6BD90060B6FB}.Debug|Any CPU.ActiveCfg = Debug|Any CPU
		{227B8793-BD76-40D2-90D4-6BD90060B6FB}.Debug|Any CPU.Build.0 = Debug|Any CPU
		{227B8793-BD76-40D2-90D4-6BD90060B6FB}.Debug|x64.ActiveCfg = Debug|Any CPU
		{227B8793-BD76-40D2-90D4-6BD90060B6FB}.Debug|x64.Build.0 = Debug|Any CPU
		{227B8793-BD76-40D2-90D4-6BD90060B6FB}.Debug|x86.ActiveCfg = Debug|Any CPU
		{227B8793-BD76-40D2-90D4-6BD90060B6FB}.Debug|x86.Build.0 = Debug|Any CPU
		{227B8793-BD76-40D2-90D4-6BD90060B6FB}.Release|Any CPU.ActiveCfg = Release|Any CPU
		{227B8793-BD76-40D2-90D4-6BD90060B6FB}.Release|Any CPU.Build.0 = Release|Any CPU
		{227B8793-BD76-40D2-90D4-6BD90060B6FB}.Release|x64.ActiveCfg = Release|Any CPU
		{227B8793-BD76-40D2-90D4-6BD90060B6FB}.Release|x64.Build.0 = Release|Any CPU
		{227B8793-BD76-40D2-90D4-6BD90060B6FB}.Release|x86.ActiveCfg = Release|Any CPU
		{227B8793-BD76-40D2-90D4-6BD90060B6FB}.Release|x86.Build.0 = Release|Any CPU
		{0BFA142F-14E2-4D1A-BC76-EFA349E1A510}.Debug|Any CPU.ActiveCfg = Debug|Any CPU
		{0BFA142F-14E2-4D1A-BC76-EFA349E1A510}.Debug|Any CPU.Build.0 = Debug|Any CPU
		{0BFA142F-14E2-4D1A-BC76-EFA349E1A510}.Debug|x64.ActiveCfg = Debug|Any CPU
		{0BFA142F-14E2-4D1A-BC76-EFA349E1A510}.Debug|x64.Build.0 = Debug|Any CPU
		{0BFA142F-14E2-4D1A-BC76-EFA349E1A510}.Debug|x86.ActiveCfg = Debug|Any CPU
		{0BFA142F-14E2-4D1A-BC76-EFA349E1A510}.Debug|x86.Build.0 = Debug|Any CPU
		{0BFA142F-14E2-4D1A-BC76-EFA349E1A510}.Release|Any CPU.ActiveCfg = Release|Any CPU
		{0BFA142F-14E2-4D1A-BC76-EFA349E1A510}.Release|Any CPU.Build.0 = Release|Any CPU
		{0BFA142F-14E2-4D1A-BC76-EFA349E1A510}.Release|x64.ActiveCfg = Release|Any CPU
		{0BFA142F-14E2-4D1A-BC76-EFA349E1A510}.Release|x64.Build.0 = Release|Any CPU
		{0BFA142F-14E2-4D1A-BC76-EFA349E1A510}.Release|x86.ActiveCfg = Release|Any CPU
		{0BFA142F-14E2-4D1A-BC76-EFA349E1A510}.Release|x86.Build.0 = Release|Any CPU
		{14938D53-8653-476A-8042-A263AD16E83B}.Debug|Any CPU.ActiveCfg = Debug|Any CPU
		{14938D53-8653-476A-8042-A263AD16E83B}.Debug|Any CPU.Build.0 = Debug|Any CPU
		{14938D53-8653-476A-8042-A263AD16E83B}.Debug|x64.ActiveCfg = Debug|Any CPU
		{14938D53-8653-476A-8042-A263AD16E83B}.Debug|x64.Build.0 = Debug|Any CPU
		{14938D53-8653-476A-8042-A263AD16E83B}.Debug|x86.ActiveCfg = Debug|Any CPU
		{14938D53-8653-476A-8042-A263AD16E83B}.Debug|x86.Build.0 = Debug|Any CPU
		{14938D53-8653-476A-8042-A263AD16E83B}.Release|Any CPU.ActiveCfg = Release|Any CPU
		{14938D53-8653-476A-8042-A263AD16E83B}.Release|Any CPU.Build.0 = Release|Any CPU
		{14938D53-8653-476A-8042-A263AD16E83B}.Release|x64.ActiveCfg = Release|Any CPU
		{14938D53-8653-476A-8042-A263AD16E83B}.Release|x64.Build.0 = Release|Any CPU
		{14938D53-8653-476A-8042-A263AD16E83B}.Release|x86.ActiveCfg = Release|Any CPU
		{14938D53-8653-476A-8042-A263AD16E83B}.Release|x86.Build.0 = Release|Any CPU
		{1E00F9FE-3584-4C9F-A652-D6819278EB62}.Debug|Any CPU.ActiveCfg = Debug|Any CPU
		{1E00F9FE-3584-4C9F-A652-D6819278EB62}.Debug|Any CPU.Build.0 = Debug|Any CPU
		{1E00F9FE-3584-4C9F-A652-D6819278EB62}.Debug|x64.ActiveCfg = Debug|Any CPU
		{1E00F9FE-3584-4C9F-A652-D6819278EB62}.Debug|x64.Build.0 = Debug|Any CPU
		{1E00F9FE-3584-4C9F-A652-D6819278EB62}.Debug|x86.ActiveCfg = Debug|Any CPU
		{1E00F9FE-3584-4C9F-A652-D6819278EB62}.Debug|x86.Build.0 = Debug|Any CPU
		{1E00F9FE-3584-4C9F-A652-D6819278EB62}.Release|Any CPU.ActiveCfg = Release|Any CPU
		{1E00F9FE-3584-4C9F-A652-D6819278EB62}.Release|Any CPU.Build.0 = Release|Any CPU
		{1E00F9FE-3584-4C9F-A652-D6819278EB62}.Release|x64.ActiveCfg = Release|Any CPU
		{1E00F9FE-3584-4C9F-A652-D6819278EB62}.Release|x64.Build.0 = Release|Any CPU
		{1E00F9FE-3584-4C9F-A652-D6819278EB62}.Release|x86.ActiveCfg = Release|Any CPU
		{1E00F9FE-3584-4C9F-A652-D6819278EB62}.Release|x86.Build.0 = Release|Any CPU
		{D89C5460-440D-4F7B-89AD-4CEB50893EBA}.Debug|Any CPU.ActiveCfg = Debug|Any CPU
		{D89C5460-440D-4F7B-89AD-4CEB50893EBA}.Debug|Any CPU.Build.0 = Debug|Any CPU
		{D89C5460-440D-4F7B-89AD-4CEB50893EBA}.Debug|x64.ActiveCfg = Debug|Any CPU
		{D89C5460-440D-4F7B-89AD-4CEB50893EBA}.Debug|x64.Build.0 = Debug|Any CPU
		{D89C5460-440D-4F7B-89AD-4CEB50893EBA}.Debug|x86.ActiveCfg = Debug|Any CPU
		{D89C5460-440D-4F7B-89AD-4CEB50893EBA}.Debug|x86.Build.0 = Debug|Any CPU
		{D89C5460-440D-4F7B-89AD-4CEB50893EBA}.Release|Any CPU.ActiveCfg = Release|Any CPU
		{D89C5460-440D-4F7B-89AD-4CEB50893EBA}.Release|Any CPU.Build.0 = Release|Any CPU
		{D89C5460-440D-4F7B-89AD-4CEB50893EBA}.Release|x64.ActiveCfg = Release|Any CPU
		{D89C5460-440D-4F7B-89AD-4CEB50893EBA}.Release|x64.Build.0 = Release|Any CPU
		{D89C5460-440D-4F7B-89AD-4CEB50893EBA}.Release|x86.ActiveCfg = Release|Any CPU
		{D89C5460-440D-4F7B-89AD-4CEB50893EBA}.Release|x86.Build.0 = Release|Any CPU
		{46960B88-8D13-4103-8AAA-071FA99FB69E}.Debug|Any CPU.ActiveCfg = Debug|Any CPU
		{46960B88-8D13-4103-8AAA-071FA99FB69E}.Debug|Any CPU.Build.0 = Debug|Any CPU
		{46960B88-8D13-4103-8AAA-071FA99FB69E}.Debug|x64.ActiveCfg = Debug|Any CPU
		{46960B88-8D13-4103-8AAA-071FA99FB69E}.Debug|x64.Build.0 = Debug|Any CPU
		{46960B88-8D13-4103-8AAA-071FA99FB69E}.Debug|x86.ActiveCfg = Debug|Any CPU
		{46960B88-8D13-4103-8AAA-071FA99FB69E}.Debug|x86.Build.0 = Debug|Any CPU
		{46960B88-8D13-4103-8AAA-071FA99FB69E}.Release|Any CPU.ActiveCfg = Release|Any CPU
		{46960B88-8D13-4103-8AAA-071FA99FB69E}.Release|Any CPU.Build.0 = Release|Any CPU
		{46960B88-8D13-4103-8AAA-071FA99FB69E}.Release|x64.ActiveCfg = Release|Any CPU
		{46960B88-8D13-4103-8AAA-071FA99FB69E}.Release|x64.Build.0 = Release|Any CPU
		{46960B88-8D13-4103-8AAA-071FA99FB69E}.Release|x86.ActiveCfg = Release|Any CPU
		{46960B88-8D13-4103-8AAA-071FA99FB69E}.Release|x86.Build.0 = Release|Any CPU
		{9508E870-699A-460E-AD89-810D49F59088}.Debug|Any CPU.ActiveCfg = Debug|Any CPU
		{9508E870-699A-460E-AD89-810D49F59088}.Debug|Any CPU.Build.0 = Debug|Any CPU
		{9508E870-699A-460E-AD89-810D49F59088}.Debug|x64.ActiveCfg = Debug|Any CPU
		{9508E870-699A-460E-AD89-810D49F59088}.Debug|x64.Build.0 = Debug|Any CPU
		{9508E870-699A-460E-AD89-810D49F59088}.Debug|x86.ActiveCfg = Debug|Any CPU
		{9508E870-699A-460E-AD89-810D49F59088}.Debug|x86.Build.0 = Debug|Any CPU
		{9508E870-699A-460E-AD89-810D49F59088}.Release|Any CPU.ActiveCfg = Release|Any CPU
		{9508E870-699A-460E-AD89-810D49F59088}.Release|Any CPU.Build.0 = Release|Any CPU
		{9508E870-699A-460E-AD89-810D49F59088}.Release|x64.ActiveCfg = Release|Any CPU
		{9508E870-699A-460E-AD89-810D49F59088}.Release|x64.Build.0 = Release|Any CPU
		{9508E870-699A-460E-AD89-810D49F59088}.Release|x86.ActiveCfg = Release|Any CPU
		{9508E870-699A-460E-AD89-810D49F59088}.Release|x86.Build.0 = Release|Any CPU
		{0AAFF118-235C-48B5-AF0C-9A87C7CF6939}.Debug|Any CPU.ActiveCfg = Debug|Any CPU
		{0AAFF118-235C-48B5-AF0C-9A87C7CF6939}.Debug|Any CPU.Build.0 = Debug|Any CPU
		{0AAFF118-235C-48B5-AF0C-9A87C7CF6939}.Debug|x64.ActiveCfg = Debug|Any CPU
		{0AAFF118-235C-48B5-AF0C-9A87C7CF6939}.Debug|x64.Build.0 = Debug|Any CPU
		{0AAFF118-235C-48B5-AF0C-9A87C7CF6939}.Debug|x86.ActiveCfg = Debug|Any CPU
		{0AAFF118-235C-48B5-AF0C-9A87C7CF6939}.Debug|x86.Build.0 = Debug|Any CPU
		{0AAFF118-235C-48B5-AF0C-9A87C7CF6939}.Release|Any CPU.ActiveCfg = Release|Any CPU
		{0AAFF118-235C-48B5-AF0C-9A87C7CF6939}.Release|Any CPU.Build.0 = Release|Any CPU
		{0AAFF118-235C-48B5-AF0C-9A87C7CF6939}.Release|x64.ActiveCfg = Release|Any CPU
		{0AAFF118-235C-48B5-AF0C-9A87C7CF6939}.Release|x64.Build.0 = Release|Any CPU
		{0AAFF118-235C-48B5-AF0C-9A87C7CF6939}.Release|x86.ActiveCfg = Release|Any CPU
		{0AAFF118-235C-48B5-AF0C-9A87C7CF6939}.Release|x86.Build.0 = Release|Any CPU
		{C247ABB5-FDFF-44B5-AE75-E01A2A4D8436}.Debug|Any CPU.ActiveCfg = Debug|Any CPU
		{C247ABB5-FDFF-44B5-AE75-E01A2A4D8436}.Debug|Any CPU.Build.0 = Debug|Any CPU
		{C247ABB5-FDFF-44B5-AE75-E01A2A4D8436}.Debug|x64.ActiveCfg = Debug|Any CPU
		{C247ABB5-FDFF-44B5-AE75-E01A2A4D8436}.Debug|x64.Build.0 = Debug|Any CPU
		{C247ABB5-FDFF-44B5-AE75-E01A2A4D8436}.Debug|x86.ActiveCfg = Debug|Any CPU
		{C247ABB5-FDFF-44B5-AE75-E01A2A4D8436}.Debug|x86.Build.0 = Debug|Any CPU
		{C247ABB5-FDFF-44B5-AE75-E01A2A4D8436}.Release|Any CPU.ActiveCfg = Release|Any CPU
		{C247ABB5-FDFF-44B5-AE75-E01A2A4D8436}.Release|Any CPU.Build.0 = Release|Any CPU
		{C247ABB5-FDFF-44B5-AE75-E01A2A4D8436}.Release|x64.ActiveCfg = Release|Any CPU
		{C247ABB5-FDFF-44B5-AE75-E01A2A4D8436}.Release|x64.Build.0 = Release|Any CPU
		{C247ABB5-FDFF-44B5-AE75-E01A2A4D8436}.Release|x86.ActiveCfg = Release|Any CPU
		{C247ABB5-FDFF-44B5-AE75-E01A2A4D8436}.Release|x86.Build.0 = Release|Any CPU
		{4CAD1D75-B54C-482A-85B2-19D56CA28EC9}.Debug|Any CPU.ActiveCfg = Debug|Any CPU
		{4CAD1D75-B54C-482A-85B2-19D56CA28EC9}.Debug|Any CPU.Build.0 = Debug|Any CPU
		{4CAD1D75-B54C-482A-85B2-19D56CA28EC9}.Debug|x64.ActiveCfg = Debug|Any CPU
		{4CAD1D75-B54C-482A-85B2-19D56CA28EC9}.Debug|x64.Build.0 = Debug|Any CPU
		{4CAD1D75-B54C-482A-85B2-19D56CA28EC9}.Debug|x86.ActiveCfg = Debug|Any CPU
		{4CAD1D75-B54C-482A-85B2-19D56CA28EC9}.Debug|x86.Build.0 = Debug|Any CPU
		{4CAD1D75-B54C-482A-85B2-19D56CA28EC9}.Release|Any CPU.ActiveCfg = Release|Any CPU
		{4CAD1D75-B54C-482A-85B2-19D56CA28EC9}.Release|Any CPU.Build.0 = Release|Any CPU
		{4CAD1D75-B54C-482A-85B2-19D56CA28EC9}.Release|x64.ActiveCfg = Release|Any CPU
		{4CAD1D75-B54C-482A-85B2-19D56CA28EC9}.Release|x64.Build.0 = Release|Any CPU
		{4CAD1D75-B54C-482A-85B2-19D56CA28EC9}.Release|x86.ActiveCfg = Release|Any CPU
		{4CAD1D75-B54C-482A-85B2-19D56CA28EC9}.Release|x86.Build.0 = Release|Any CPU
		{655E7C56-AEC5-4DB8-BDCD-30B76A83EF68}.Debug|Any CPU.ActiveCfg = Debug|Any CPU
		{655E7C56-AEC5-4DB8-BDCD-30B76A83EF68}.Debug|Any CPU.Build.0 = Debug|Any CPU
		{655E7C56-AEC5-4DB8-BDCD-30B76A83EF68}.Debug|x64.ActiveCfg = Debug|Any CPU
		{655E7C56-AEC5-4DB8-BDCD-30B76A83EF68}.Debug|x64.Build.0 = Debug|Any CPU
		{655E7C56-AEC5-4DB8-BDCD-30B76A83EF68}.Debug|x86.ActiveCfg = Debug|Any CPU
		{655E7C56-AEC5-4DB8-BDCD-30B76A83EF68}.Debug|x86.Build.0 = Debug|Any CPU
		{655E7C56-AEC5-4DB8-BDCD-30B76A83EF68}.Release|Any CPU.ActiveCfg = Release|Any CPU
		{655E7C56-AEC5-4DB8-BDCD-30B76A83EF68}.Release|Any CPU.Build.0 = Release|Any CPU
		{655E7C56-AEC5-4DB8-BDCD-30B76A83EF68}.Release|x64.ActiveCfg = Release|Any CPU
		{655E7C56-AEC5-4DB8-BDCD-30B76A83EF68}.Release|x64.Build.0 = Release|Any CPU
		{655E7C56-AEC5-4DB8-BDCD-30B76A83EF68}.Release|x86.ActiveCfg = Release|Any CPU
		{655E7C56-AEC5-4DB8-BDCD-30B76A83EF68}.Release|x86.Build.0 = Release|Any CPU
		{2BF276D1-543F-4C18-AEA0-57A55AE8D3C1}.Debug|Any CPU.ActiveCfg = Debug|Any CPU
		{2BF276D1-543F-4C18-AEA0-57A55AE8D3C1}.Debug|Any CPU.Build.0 = Debug|Any CPU
		{2BF276D1-543F-4C18-AEA0-57A55AE8D3C1}.Debug|x64.ActiveCfg = Debug|Any CPU
		{2BF276D1-543F-4C18-AEA0-57A55AE8D3C1}.Debug|x64.Build.0 = Debug|Any CPU
		{2BF276D1-543F-4C18-AEA0-57A55AE8D3C1}.Debug|x86.ActiveCfg = Debug|Any CPU
		{2BF276D1-543F-4C18-AEA0-57A55AE8D3C1}.Debug|x86.Build.0 = Debug|Any CPU
		{2BF276D1-543F-4C18-AEA0-57A55AE8D3C1}.Release|Any CPU.ActiveCfg = Release|Any CPU
		{2BF276D1-543F-4C18-AEA0-57A55AE8D3C1}.Release|Any CPU.Build.0 = Release|Any CPU
		{2BF276D1-543F-4C18-AEA0-57A55AE8D3C1}.Release|x64.ActiveCfg = Release|Any CPU
		{2BF276D1-543F-4C18-AEA0-57A55AE8D3C1}.Release|x64.Build.0 = Release|Any CPU
		{2BF276D1-543F-4C18-AEA0-57A55AE8D3C1}.Release|x86.ActiveCfg = Release|Any CPU
		{2BF276D1-543F-4C18-AEA0-57A55AE8D3C1}.Release|x86.Build.0 = Release|Any CPU
		{E8AF8BFD-0E6E-4B68-B391-F77D3B08D5C1}.Debug|Any CPU.ActiveCfg = Debug|Any CPU
		{E8AF8BFD-0E6E-4B68-B391-F77D3B08D5C1}.Debug|Any CPU.Build.0 = Debug|Any CPU
		{E8AF8BFD-0E6E-4B68-B391-F77D3B08D5C1}.Debug|x64.ActiveCfg = Debug|Any CPU
		{E8AF8BFD-0E6E-4B68-B391-F77D3B08D5C1}.Debug|x64.Build.0 = Debug|Any CPU
		{E8AF8BFD-0E6E-4B68-B391-F77D3B08D5C1}.Debug|x86.ActiveCfg = Debug|Any CPU
		{E8AF8BFD-0E6E-4B68-B391-F77D3B08D5C1}.Debug|x86.Build.0 = Debug|Any CPU
		{E8AF8BFD-0E6E-4B68-B391-F77D3B08D5C1}.Release|Any CPU.ActiveCfg = Release|Any CPU
		{E8AF8BFD-0E6E-4B68-B391-F77D3B08D5C1}.Release|Any CPU.Build.0 = Release|Any CPU
		{E8AF8BFD-0E6E-4B68-B391-F77D3B08D5C1}.Release|x64.ActiveCfg = Release|Any CPU
		{E8AF8BFD-0E6E-4B68-B391-F77D3B08D5C1}.Release|x64.Build.0 = Release|Any CPU
		{E8AF8BFD-0E6E-4B68-B391-F77D3B08D5C1}.Release|x86.ActiveCfg = Release|Any CPU
		{E8AF8BFD-0E6E-4B68-B391-F77D3B08D5C1}.Release|x86.Build.0 = Release|Any CPU
		{B7779699-C5A2-4E8B-8D14-0E0F122DF191}.Debug|Any CPU.ActiveCfg = Debug|Any CPU
		{B7779699-C5A2-4E8B-8D14-0E0F122DF191}.Debug|Any CPU.Build.0 = Debug|Any CPU
		{B7779699-C5A2-4E8B-8D14-0E0F122DF191}.Debug|x64.ActiveCfg = Debug|Any CPU
		{B7779699-C5A2-4E8B-8D14-0E0F122DF191}.Debug|x64.Build.0 = Debug|Any CPU
		{B7779699-C5A2-4E8B-8D14-0E0F122DF191}.Debug|x86.ActiveCfg = Debug|Any CPU
		{B7779699-C5A2-4E8B-8D14-0E0F122DF191}.Debug|x86.Build.0 = Debug|Any CPU
		{B7779699-C5A2-4E8B-8D14-0E0F122DF191}.Release|Any CPU.ActiveCfg = Release|Any CPU
		{B7779699-C5A2-4E8B-8D14-0E0F122DF191}.Release|Any CPU.Build.0 = Release|Any CPU
		{B7779699-C5A2-4E8B-8D14-0E0F122DF191}.Release|x64.ActiveCfg = Release|Any CPU
		{B7779699-C5A2-4E8B-8D14-0E0F122DF191}.Release|x64.Build.0 = Release|Any CPU
		{B7779699-C5A2-4E8B-8D14-0E0F122DF191}.Release|x86.ActiveCfg = Release|Any CPU
		{B7779699-C5A2-4E8B-8D14-0E0F122DF191}.Release|x86.Build.0 = Release|Any CPU
		{B30E8E51-FFBC-4FE5-933A-0157964D0B8B}.Debug|Any CPU.ActiveCfg = Debug|Any CPU
		{B30E8E51-FFBC-4FE5-933A-0157964D0B8B}.Debug|Any CPU.Build.0 = Debug|Any CPU
		{B30E8E51-FFBC-4FE5-933A-0157964D0B8B}.Debug|x64.ActiveCfg = Debug|Any CPU
		{B30E8E51-FFBC-4FE5-933A-0157964D0B8B}.Debug|x64.Build.0 = Debug|Any CPU
		{B30E8E51-FFBC-4FE5-933A-0157964D0B8B}.Debug|x86.ActiveCfg = Debug|Any CPU
		{B30E8E51-FFBC-4FE5-933A-0157964D0B8B}.Debug|x86.Build.0 = Debug|Any CPU
		{B30E8E51-FFBC-4FE5-933A-0157964D0B8B}.Release|Any CPU.ActiveCfg = Release|Any CPU
		{B30E8E51-FFBC-4FE5-933A-0157964D0B8B}.Release|Any CPU.Build.0 = Release|Any CPU
		{B30E8E51-FFBC-4FE5-933A-0157964D0B8B}.Release|x64.ActiveCfg = Release|Any CPU
		{B30E8E51-FFBC-4FE5-933A-0157964D0B8B}.Release|x64.Build.0 = Release|Any CPU
		{B30E8E51-FFBC-4FE5-933A-0157964D0B8B}.Release|x86.ActiveCfg = Release|Any CPU
		{B30E8E51-FFBC-4FE5-933A-0157964D0B8B}.Release|x86.Build.0 = Release|Any CPU
		{E166EED1-7668-42E8-8ED6-C6E4A72C829C}.Debug|Any CPU.ActiveCfg = Debug|Any CPU
		{E166EED1-7668-42E8-8ED6-C6E4A72C829C}.Debug|Any CPU.Build.0 = Debug|Any CPU
		{E166EED1-7668-42E8-8ED6-C6E4A72C829C}.Debug|x64.ActiveCfg = Debug|Any CPU
		{E166EED1-7668-42E8-8ED6-C6E4A72C829C}.Debug|x64.Build.0 = Debug|Any CPU
		{E166EED1-7668-42E8-8ED6-C6E4A72C829C}.Debug|x86.ActiveCfg = Debug|Any CPU
		{E166EED1-7668-42E8-8ED6-C6E4A72C829C}.Debug|x86.Build.0 = Debug|Any CPU
		{E166EED1-7668-42E8-8ED6-C6E4A72C829C}.Release|Any CPU.ActiveCfg = Release|Any CPU
		{E166EED1-7668-42E8-8ED6-C6E4A72C829C}.Release|Any CPU.Build.0 = Release|Any CPU
		{E166EED1-7668-42E8-8ED6-C6E4A72C829C}.Release|x64.ActiveCfg = Release|Any CPU
		{E166EED1-7668-42E8-8ED6-C6E4A72C829C}.Release|x64.Build.0 = Release|Any CPU
		{E166EED1-7668-42E8-8ED6-C6E4A72C829C}.Release|x86.ActiveCfg = Release|Any CPU
		{E166EED1-7668-42E8-8ED6-C6E4A72C829C}.Release|x86.Build.0 = Release|Any CPU
		{47D3913D-04F2-4E8D-AE7F-3A2A9D82979F}.Debug|Any CPU.ActiveCfg = Debug|Any CPU
		{47D3913D-04F2-4E8D-AE7F-3A2A9D82979F}.Debug|Any CPU.Build.0 = Debug|Any CPU
		{47D3913D-04F2-4E8D-AE7F-3A2A9D82979F}.Debug|x64.ActiveCfg = Debug|Any CPU
		{47D3913D-04F2-4E8D-AE7F-3A2A9D82979F}.Debug|x64.Build.0 = Debug|Any CPU
		{47D3913D-04F2-4E8D-AE7F-3A2A9D82979F}.Debug|x86.ActiveCfg = Debug|Any CPU
		{47D3913D-04F2-4E8D-AE7F-3A2A9D82979F}.Debug|x86.Build.0 = Debug|Any CPU
		{47D3913D-04F2-4E8D-AE7F-3A2A9D82979F}.Release|Any CPU.ActiveCfg = Release|Any CPU
		{47D3913D-04F2-4E8D-AE7F-3A2A9D82979F}.Release|Any CPU.Build.0 = Release|Any CPU
		{47D3913D-04F2-4E8D-AE7F-3A2A9D82979F}.Release|x64.ActiveCfg = Release|Any CPU
		{47D3913D-04F2-4E8D-AE7F-3A2A9D82979F}.Release|x64.Build.0 = Release|Any CPU
		{47D3913D-04F2-4E8D-AE7F-3A2A9D82979F}.Release|x86.ActiveCfg = Release|Any CPU
		{47D3913D-04F2-4E8D-AE7F-3A2A9D82979F}.Release|x86.Build.0 = Release|Any CPU
		{00E26D6A-9772-4743-A7EF-8684A38F1980}.Debug|Any CPU.ActiveCfg = Debug|Any CPU
		{00E26D6A-9772-4743-A7EF-8684A38F1980}.Debug|Any CPU.Build.0 = Debug|Any CPU
		{00E26D6A-9772-4743-A7EF-8684A38F1980}.Debug|x64.ActiveCfg = Debug|Any CPU
		{00E26D6A-9772-4743-A7EF-8684A38F1980}.Debug|x64.Build.0 = Debug|Any CPU
		{00E26D6A-9772-4743-A7EF-8684A38F1980}.Debug|x86.ActiveCfg = Debug|Any CPU
		{00E26D6A-9772-4743-A7EF-8684A38F1980}.Debug|x86.Build.0 = Debug|Any CPU
		{00E26D6A-9772-4743-A7EF-8684A38F1980}.Release|Any CPU.ActiveCfg = Release|Any CPU
		{00E26D6A-9772-4743-A7EF-8684A38F1980}.Release|Any CPU.Build.0 = Release|Any CPU
		{00E26D6A-9772-4743-A7EF-8684A38F1980}.Release|x64.ActiveCfg = Release|Any CPU
		{00E26D6A-9772-4743-A7EF-8684A38F1980}.Release|x64.Build.0 = Release|Any CPU
		{00E26D6A-9772-4743-A7EF-8684A38F1980}.Release|x86.ActiveCfg = Release|Any CPU
		{00E26D6A-9772-4743-A7EF-8684A38F1980}.Release|x86.Build.0 = Release|Any CPU
		{B78FB2D3-C73D-492E-9F44-8ABC88510871}.Debug|Any CPU.ActiveCfg = Debug|Any CPU
		{B78FB2D3-C73D-492E-9F44-8ABC88510871}.Debug|Any CPU.Build.0 = Debug|Any CPU
		{B78FB2D3-C73D-492E-9F44-8ABC88510871}.Debug|x64.ActiveCfg = Debug|Any CPU
		{B78FB2D3-C73D-492E-9F44-8ABC88510871}.Debug|x64.Build.0 = Debug|Any CPU
		{B78FB2D3-C73D-492E-9F44-8ABC88510871}.Debug|x86.ActiveCfg = Debug|Any CPU
		{B78FB2D3-C73D-492E-9F44-8ABC88510871}.Debug|x86.Build.0 = Debug|Any CPU
		{B78FB2D3-C73D-492E-9F44-8ABC88510871}.Release|Any CPU.ActiveCfg = Release|Any CPU
		{B78FB2D3-C73D-492E-9F44-8ABC88510871}.Release|Any CPU.Build.0 = Release|Any CPU
		{B78FB2D3-C73D-492E-9F44-8ABC88510871}.Release|x64.ActiveCfg = Release|Any CPU
		{B78FB2D3-C73D-492E-9F44-8ABC88510871}.Release|x64.Build.0 = Release|Any CPU
		{B78FB2D3-C73D-492E-9F44-8ABC88510871}.Release|x86.ActiveCfg = Release|Any CPU
		{B78FB2D3-C73D-492E-9F44-8ABC88510871}.Release|x86.Build.0 = Release|Any CPU
		{BED8E5C4-ED48-4F1B-B3C3-8881DD9A9D5C}.Debug|Any CPU.ActiveCfg = Debug|Any CPU
		{BED8E5C4-ED48-4F1B-B3C3-8881DD9A9D5C}.Debug|Any CPU.Build.0 = Debug|Any CPU
		{BED8E5C4-ED48-4F1B-B3C3-8881DD9A9D5C}.Debug|x64.ActiveCfg = Debug|Any CPU
		{BED8E5C4-ED48-4F1B-B3C3-8881DD9A9D5C}.Debug|x64.Build.0 = Debug|Any CPU
		{BED8E5C4-ED48-4F1B-B3C3-8881DD9A9D5C}.Debug|x86.ActiveCfg = Debug|Any CPU
		{BED8E5C4-ED48-4F1B-B3C3-8881DD9A9D5C}.Debug|x86.Build.0 = Debug|Any CPU
		{BED8E5C4-ED48-4F1B-B3C3-8881DD9A9D5C}.Release|Any CPU.ActiveCfg = Release|Any CPU
		{BED8E5C4-ED48-4F1B-B3C3-8881DD9A9D5C}.Release|Any CPU.Build.0 = Release|Any CPU
		{BED8E5C4-ED48-4F1B-B3C3-8881DD9A9D5C}.Release|x64.ActiveCfg = Release|Any CPU
		{BED8E5C4-ED48-4F1B-B3C3-8881DD9A9D5C}.Release|x64.Build.0 = Release|Any CPU
		{BED8E5C4-ED48-4F1B-B3C3-8881DD9A9D5C}.Release|x86.ActiveCfg = Release|Any CPU
		{BED8E5C4-ED48-4F1B-B3C3-8881DD9A9D5C}.Release|x86.Build.0 = Release|Any CPU
		{1C700AF8-B69A-4BA8-8516-B89985A32CB1}.Debug|Any CPU.ActiveCfg = Debug|Any CPU
		{1C700AF8-B69A-4BA8-8516-B89985A32CB1}.Debug|Any CPU.Build.0 = Debug|Any CPU
		{1C700AF8-B69A-4BA8-8516-B89985A32CB1}.Debug|x64.ActiveCfg = Debug|Any CPU
		{1C700AF8-B69A-4BA8-8516-B89985A32CB1}.Debug|x64.Build.0 = Debug|Any CPU
		{1C700AF8-B69A-4BA8-8516-B89985A32CB1}.Debug|x86.ActiveCfg = Debug|Any CPU
		{1C700AF8-B69A-4BA8-8516-B89985A32CB1}.Debug|x86.Build.0 = Debug|Any CPU
		{1C700AF8-B69A-4BA8-8516-B89985A32CB1}.Release|Any CPU.ActiveCfg = Release|Any CPU
		{1C700AF8-B69A-4BA8-8516-B89985A32CB1}.Release|Any CPU.Build.0 = Release|Any CPU
		{1C700AF8-B69A-4BA8-8516-B89985A32CB1}.Release|x64.ActiveCfg = Release|Any CPU
		{1C700AF8-B69A-4BA8-8516-B89985A32CB1}.Release|x64.Build.0 = Release|Any CPU
		{1C700AF8-B69A-4BA8-8516-B89985A32CB1}.Release|x86.ActiveCfg = Release|Any CPU
		{1C700AF8-B69A-4BA8-8516-B89985A32CB1}.Release|x86.Build.0 = Release|Any CPU
		{7410FDF0-BA5E-42F6-A0A8-990AF8411DF3}.Debug|Any CPU.ActiveCfg = Debug|Any CPU
		{7410FDF0-BA5E-42F6-A0A8-990AF8411DF3}.Debug|Any CPU.Build.0 = Debug|Any CPU
		{7410FDF0-BA5E-42F6-A0A8-990AF8411DF3}.Debug|x64.ActiveCfg = Debug|Any CPU
		{7410FDF0-BA5E-42F6-A0A8-990AF8411DF3}.Debug|x64.Build.0 = Debug|Any CPU
		{7410FDF0-BA5E-42F6-A0A8-990AF8411DF3}.Debug|x86.ActiveCfg = Debug|Any CPU
		{7410FDF0-BA5E-42F6-A0A8-990AF8411DF3}.Debug|x86.Build.0 = Debug|Any CPU
		{7410FDF0-BA5E-42F6-A0A8-990AF8411DF3}.Release|Any CPU.ActiveCfg = Release|Any CPU
		{7410FDF0-BA5E-42F6-A0A8-990AF8411DF3}.Release|Any CPU.Build.0 = Release|Any CPU
		{7410FDF0-BA5E-42F6-A0A8-990AF8411DF3}.Release|x64.ActiveCfg = Release|Any CPU
		{7410FDF0-BA5E-42F6-A0A8-990AF8411DF3}.Release|x64.Build.0 = Release|Any CPU
		{7410FDF0-BA5E-42F6-A0A8-990AF8411DF3}.Release|x86.ActiveCfg = Release|Any CPU
		{7410FDF0-BA5E-42F6-A0A8-990AF8411DF3}.Release|x86.Build.0 = Release|Any CPU
		{7F72DF71-E665-47CE-BFEC-79E9CF7AED60}.Debug|Any CPU.ActiveCfg = Debug|Any CPU
		{7F72DF71-E665-47CE-BFEC-79E9CF7AED60}.Debug|Any CPU.Build.0 = Debug|Any CPU
		{7F72DF71-E665-47CE-BFEC-79E9CF7AED60}.Debug|x64.ActiveCfg = Debug|Any CPU
		{7F72DF71-E665-47CE-BFEC-79E9CF7AED60}.Debug|x64.Build.0 = Debug|Any CPU
		{7F72DF71-E665-47CE-BFEC-79E9CF7AED60}.Debug|x86.ActiveCfg = Debug|Any CPU
		{7F72DF71-E665-47CE-BFEC-79E9CF7AED60}.Debug|x86.Build.0 = Debug|Any CPU
		{7F72DF71-E665-47CE-BFEC-79E9CF7AED60}.Release|Any CPU.ActiveCfg = Release|Any CPU
		{7F72DF71-E665-47CE-BFEC-79E9CF7AED60}.Release|Any CPU.Build.0 = Release|Any CPU
		{7F72DF71-E665-47CE-BFEC-79E9CF7AED60}.Release|x64.ActiveCfg = Release|Any CPU
		{7F72DF71-E665-47CE-BFEC-79E9CF7AED60}.Release|x64.Build.0 = Release|Any CPU
		{7F72DF71-E665-47CE-BFEC-79E9CF7AED60}.Release|x86.ActiveCfg = Release|Any CPU
		{7F72DF71-E665-47CE-BFEC-79E9CF7AED60}.Release|x86.Build.0 = Release|Any CPU
		{DE08DC47-447C-484A-9365-86495455F32C}.Debug|Any CPU.ActiveCfg = Debug|Any CPU
		{DE08DC47-447C-484A-9365-86495455F32C}.Debug|Any CPU.Build.0 = Debug|Any CPU
		{DE08DC47-447C-484A-9365-86495455F32C}.Debug|x64.ActiveCfg = Debug|Any CPU
		{DE08DC47-447C-484A-9365-86495455F32C}.Debug|x64.Build.0 = Debug|Any CPU
		{DE08DC47-447C-484A-9365-86495455F32C}.Debug|x86.ActiveCfg = Debug|Any CPU
		{DE08DC47-447C-484A-9365-86495455F32C}.Debug|x86.Build.0 = Debug|Any CPU
		{DE08DC47-447C-484A-9365-86495455F32C}.Release|Any CPU.ActiveCfg = Release|Any CPU
		{DE08DC47-447C-484A-9365-86495455F32C}.Release|Any CPU.Build.0 = Release|Any CPU
		{DE08DC47-447C-484A-9365-86495455F32C}.Release|x64.ActiveCfg = Release|Any CPU
		{DE08DC47-447C-484A-9365-86495455F32C}.Release|x64.Build.0 = Release|Any CPU
		{DE08DC47-447C-484A-9365-86495455F32C}.Release|x86.ActiveCfg = Release|Any CPU
		{DE08DC47-447C-484A-9365-86495455F32C}.Release|x86.Build.0 = Release|Any CPU
		{07A77134-FF76-43FC-8B6F-8A0263DDE2B5}.Debug|Any CPU.ActiveCfg = Debug|Any CPU
		{07A77134-FF76-43FC-8B6F-8A0263DDE2B5}.Debug|Any CPU.Build.0 = Debug|Any CPU
		{07A77134-FF76-43FC-8B6F-8A0263DDE2B5}.Debug|x64.ActiveCfg = Debug|Any CPU
		{07A77134-FF76-43FC-8B6F-8A0263DDE2B5}.Debug|x64.Build.0 = Debug|Any CPU
		{07A77134-FF76-43FC-8B6F-8A0263DDE2B5}.Debug|x86.ActiveCfg = Debug|Any CPU
		{07A77134-FF76-43FC-8B6F-8A0263DDE2B5}.Debug|x86.Build.0 = Debug|Any CPU
		{07A77134-FF76-43FC-8B6F-8A0263DDE2B5}.Release|Any CPU.ActiveCfg = Release|Any CPU
		{07A77134-FF76-43FC-8B6F-8A0263DDE2B5}.Release|Any CPU.Build.0 = Release|Any CPU
		{07A77134-FF76-43FC-8B6F-8A0263DDE2B5}.Release|x64.ActiveCfg = Release|Any CPU
		{07A77134-FF76-43FC-8B6F-8A0263DDE2B5}.Release|x64.Build.0 = Release|Any CPU
		{07A77134-FF76-43FC-8B6F-8A0263DDE2B5}.Release|x86.ActiveCfg = Release|Any CPU
		{07A77134-FF76-43FC-8B6F-8A0263DDE2B5}.Release|x86.Build.0 = Release|Any CPU
		{65981774-16BB-4327-887F-E66D1654589F}.Debug|Any CPU.ActiveCfg = Debug|Any CPU
		{65981774-16BB-4327-887F-E66D1654589F}.Debug|Any CPU.Build.0 = Debug|Any CPU
		{65981774-16BB-4327-887F-E66D1654589F}.Debug|x64.ActiveCfg = Debug|Any CPU
		{65981774-16BB-4327-887F-E66D1654589F}.Debug|x64.Build.0 = Debug|Any CPU
		{65981774-16BB-4327-887F-E66D1654589F}.Debug|x86.ActiveCfg = Debug|Any CPU
		{65981774-16BB-4327-887F-E66D1654589F}.Debug|x86.Build.0 = Debug|Any CPU
		{65981774-16BB-4327-887F-E66D1654589F}.Release|Any CPU.ActiveCfg = Release|Any CPU
		{65981774-16BB-4327-887F-E66D1654589F}.Release|Any CPU.Build.0 = Release|Any CPU
		{65981774-16BB-4327-887F-E66D1654589F}.Release|x64.ActiveCfg = Release|Any CPU
		{65981774-16BB-4327-887F-E66D1654589F}.Release|x64.Build.0 = Release|Any CPU
		{65981774-16BB-4327-887F-E66D1654589F}.Release|x86.ActiveCfg = Release|Any CPU
		{65981774-16BB-4327-887F-E66D1654589F}.Release|x86.Build.0 = Release|Any CPU
		{BABACDCF-FAE4-4C24-8BB8-BC3F05DA4024}.Debug|Any CPU.ActiveCfg = Debug|Any CPU
		{BABACDCF-FAE4-4C24-8BB8-BC3F05DA4024}.Debug|Any CPU.Build.0 = Debug|Any CPU
		{BABACDCF-FAE4-4C24-8BB8-BC3F05DA4024}.Debug|x64.ActiveCfg = Debug|Any CPU
		{BABACDCF-FAE4-4C24-8BB8-BC3F05DA4024}.Debug|x64.Build.0 = Debug|Any CPU
		{BABACDCF-FAE4-4C24-8BB8-BC3F05DA4024}.Debug|x86.ActiveCfg = Debug|Any CPU
		{BABACDCF-FAE4-4C24-8BB8-BC3F05DA4024}.Debug|x86.Build.0 = Debug|Any CPU
		{BABACDCF-FAE4-4C24-8BB8-BC3F05DA4024}.Release|Any CPU.ActiveCfg = Release|Any CPU
		{BABACDCF-FAE4-4C24-8BB8-BC3F05DA4024}.Release|Any CPU.Build.0 = Release|Any CPU
		{BABACDCF-FAE4-4C24-8BB8-BC3F05DA4024}.Release|x64.ActiveCfg = Release|Any CPU
		{BABACDCF-FAE4-4C24-8BB8-BC3F05DA4024}.Release|x64.Build.0 = Release|Any CPU
		{BABACDCF-FAE4-4C24-8BB8-BC3F05DA4024}.Release|x86.ActiveCfg = Release|Any CPU
		{BABACDCF-FAE4-4C24-8BB8-BC3F05DA4024}.Release|x86.Build.0 = Release|Any CPU
		{1B890E0B-2ACE-420A-AD68-0094E10BC7F5}.Debug|Any CPU.ActiveCfg = Debug|Any CPU
		{1B890E0B-2ACE-420A-AD68-0094E10BC7F5}.Debug|Any CPU.Build.0 = Debug|Any CPU
		{1B890E0B-2ACE-420A-AD68-0094E10BC7F5}.Debug|x64.ActiveCfg = Debug|Any CPU
		{1B890E0B-2ACE-420A-AD68-0094E10BC7F5}.Debug|x64.Build.0 = Debug|Any CPU
		{1B890E0B-2ACE-420A-AD68-0094E10BC7F5}.Debug|x86.ActiveCfg = Debug|Any CPU
		{1B890E0B-2ACE-420A-AD68-0094E10BC7F5}.Debug|x86.Build.0 = Debug|Any CPU
		{1B890E0B-2ACE-420A-AD68-0094E10BC7F5}.Release|Any CPU.ActiveCfg = Release|Any CPU
		{1B890E0B-2ACE-420A-AD68-0094E10BC7F5}.Release|Any CPU.Build.0 = Release|Any CPU
		{1B890E0B-2ACE-420A-AD68-0094E10BC7F5}.Release|x64.ActiveCfg = Release|Any CPU
		{1B890E0B-2ACE-420A-AD68-0094E10BC7F5}.Release|x64.Build.0 = Release|Any CPU
		{1B890E0B-2ACE-420A-AD68-0094E10BC7F5}.Release|x86.ActiveCfg = Release|Any CPU
		{1B890E0B-2ACE-420A-AD68-0094E10BC7F5}.Release|x86.Build.0 = Release|Any CPU
		{910A44CA-5E9C-48E3-9BC6-958D4F8EBAF4}.Debug|Any CPU.ActiveCfg = Debug|Any CPU
		{910A44CA-5E9C-48E3-9BC6-958D4F8EBAF4}.Debug|Any CPU.Build.0 = Debug|Any CPU
		{910A44CA-5E9C-48E3-9BC6-958D4F8EBAF4}.Debug|x64.ActiveCfg = Debug|Any CPU
		{910A44CA-5E9C-48E3-9BC6-958D4F8EBAF4}.Debug|x64.Build.0 = Debug|Any CPU
		{910A44CA-5E9C-48E3-9BC6-958D4F8EBAF4}.Debug|x86.ActiveCfg = Debug|Any CPU
		{910A44CA-5E9C-48E3-9BC6-958D4F8EBAF4}.Debug|x86.Build.0 = Debug|Any CPU
		{910A44CA-5E9C-48E3-9BC6-958D4F8EBAF4}.Release|Any CPU.ActiveCfg = Release|Any CPU
		{910A44CA-5E9C-48E3-9BC6-958D4F8EBAF4}.Release|Any CPU.Build.0 = Release|Any CPU
		{910A44CA-5E9C-48E3-9BC6-958D4F8EBAF4}.Release|x64.ActiveCfg = Release|Any CPU
		{910A44CA-5E9C-48E3-9BC6-958D4F8EBAF4}.Release|x64.Build.0 = Release|Any CPU
		{910A44CA-5E9C-48E3-9BC6-958D4F8EBAF4}.Release|x86.ActiveCfg = Release|Any CPU
		{910A44CA-5E9C-48E3-9BC6-958D4F8EBAF4}.Release|x86.Build.0 = Release|Any CPU
		{107D4BE0-9D9E-44DB-B56A-E9823CA32796}.Debug|Any CPU.ActiveCfg = Debug|Any CPU
		{107D4BE0-9D9E-44DB-B56A-E9823CA32796}.Debug|Any CPU.Build.0 = Debug|Any CPU
		{107D4BE0-9D9E-44DB-B56A-E9823CA32796}.Debug|x64.ActiveCfg = Debug|Any CPU
		{107D4BE0-9D9E-44DB-B56A-E9823CA32796}.Debug|x64.Build.0 = Debug|Any CPU
		{107D4BE0-9D9E-44DB-B56A-E9823CA32796}.Debug|x86.ActiveCfg = Debug|Any CPU
		{107D4BE0-9D9E-44DB-B56A-E9823CA32796}.Debug|x86.Build.0 = Debug|Any CPU
		{107D4BE0-9D9E-44DB-B56A-E9823CA32796}.Release|Any CPU.ActiveCfg = Release|Any CPU
		{107D4BE0-9D9E-44DB-B56A-E9823CA32796}.Release|Any CPU.Build.0 = Release|Any CPU
		{107D4BE0-9D9E-44DB-B56A-E9823CA32796}.Release|x64.ActiveCfg = Release|Any CPU
		{107D4BE0-9D9E-44DB-B56A-E9823CA32796}.Release|x64.Build.0 = Release|Any CPU
		{107D4BE0-9D9E-44DB-B56A-E9823CA32796}.Release|x86.ActiveCfg = Release|Any CPU
		{107D4BE0-9D9E-44DB-B56A-E9823CA32796}.Release|x86.Build.0 = Release|Any CPU
		{9791E56D-2C53-4A93-82D3-E01471862B5A}.Debug|Any CPU.ActiveCfg = Debug|Any CPU
		{9791E56D-2C53-4A93-82D3-E01471862B5A}.Debug|Any CPU.Build.0 = Debug|Any CPU
		{9791E56D-2C53-4A93-82D3-E01471862B5A}.Debug|x64.ActiveCfg = Debug|Any CPU
		{9791E56D-2C53-4A93-82D3-E01471862B5A}.Debug|x64.Build.0 = Debug|Any CPU
		{9791E56D-2C53-4A93-82D3-E01471862B5A}.Debug|x86.ActiveCfg = Debug|Any CPU
		{9791E56D-2C53-4A93-82D3-E01471862B5A}.Debug|x86.Build.0 = Debug|Any CPU
		{9791E56D-2C53-4A93-82D3-E01471862B5A}.Release|Any CPU.ActiveCfg = Release|Any CPU
		{9791E56D-2C53-4A93-82D3-E01471862B5A}.Release|Any CPU.Build.0 = Release|Any CPU
		{9791E56D-2C53-4A93-82D3-E01471862B5A}.Release|x64.ActiveCfg = Release|Any CPU
		{9791E56D-2C53-4A93-82D3-E01471862B5A}.Release|x64.Build.0 = Release|Any CPU
		{9791E56D-2C53-4A93-82D3-E01471862B5A}.Release|x86.ActiveCfg = Release|Any CPU
		{9791E56D-2C53-4A93-82D3-E01471862B5A}.Release|x86.Build.0 = Release|Any CPU
		{8BC314A6-84D1-4304-809D-65B432139C46}.Debug|Any CPU.ActiveCfg = Debug|Any CPU
		{8BC314A6-84D1-4304-809D-65B432139C46}.Debug|Any CPU.Build.0 = Debug|Any CPU
		{8BC314A6-84D1-4304-809D-65B432139C46}.Debug|x64.ActiveCfg = Debug|Any CPU
		{8BC314A6-84D1-4304-809D-65B432139C46}.Debug|x64.Build.0 = Debug|Any CPU
		{8BC314A6-84D1-4304-809D-65B432139C46}.Debug|x86.ActiveCfg = Debug|Any CPU
		{8BC314A6-84D1-4304-809D-65B432139C46}.Debug|x86.Build.0 = Debug|Any CPU
		{8BC314A6-84D1-4304-809D-65B432139C46}.Release|Any CPU.ActiveCfg = Release|Any CPU
		{8BC314A6-84D1-4304-809D-65B432139C46}.Release|Any CPU.Build.0 = Release|Any CPU
		{8BC314A6-84D1-4304-809D-65B432139C46}.Release|x64.ActiveCfg = Release|Any CPU
		{8BC314A6-84D1-4304-809D-65B432139C46}.Release|x64.Build.0 = Release|Any CPU
		{8BC314A6-84D1-4304-809D-65B432139C46}.Release|x86.ActiveCfg = Release|Any CPU
		{8BC314A6-84D1-4304-809D-65B432139C46}.Release|x86.Build.0 = Release|Any CPU
		{B3E86A55-5227-4457-9FD0-5005F25BF497}.Debug|Any CPU.ActiveCfg = Debug|Any CPU
		{B3E86A55-5227-4457-9FD0-5005F25BF497}.Debug|Any CPU.Build.0 = Debug|Any CPU
		{B3E86A55-5227-4457-9FD0-5005F25BF497}.Debug|x64.ActiveCfg = Debug|Any CPU
		{B3E86A55-5227-4457-9FD0-5005F25BF497}.Debug|x64.Build.0 = Debug|Any CPU
		{B3E86A55-5227-4457-9FD0-5005F25BF497}.Debug|x86.ActiveCfg = Debug|Any CPU
		{B3E86A55-5227-4457-9FD0-5005F25BF497}.Debug|x86.Build.0 = Debug|Any CPU
		{B3E86A55-5227-4457-9FD0-5005F25BF497}.Release|Any CPU.ActiveCfg = Release|Any CPU
		{B3E86A55-5227-4457-9FD0-5005F25BF497}.Release|Any CPU.Build.0 = Release|Any CPU
		{B3E86A55-5227-4457-9FD0-5005F25BF497}.Release|x64.ActiveCfg = Release|Any CPU
		{B3E86A55-5227-4457-9FD0-5005F25BF497}.Release|x64.Build.0 = Release|Any CPU
		{B3E86A55-5227-4457-9FD0-5005F25BF497}.Release|x86.ActiveCfg = Release|Any CPU
		{B3E86A55-5227-4457-9FD0-5005F25BF497}.Release|x86.Build.0 = Release|Any CPU
		{580F28CD-6E32-4A3B-BF2B-C833CB873CF3}.Debug|Any CPU.ActiveCfg = Debug|Any CPU
		{580F28CD-6E32-4A3B-BF2B-C833CB873CF3}.Debug|Any CPU.Build.0 = Debug|Any CPU
		{580F28CD-6E32-4A3B-BF2B-C833CB873CF3}.Debug|x64.ActiveCfg = Debug|Any CPU
		{580F28CD-6E32-4A3B-BF2B-C833CB873CF3}.Debug|x64.Build.0 = Debug|Any CPU
		{580F28CD-6E32-4A3B-BF2B-C833CB873CF3}.Debug|x86.ActiveCfg = Debug|Any CPU
		{580F28CD-6E32-4A3B-BF2B-C833CB873CF3}.Debug|x86.Build.0 = Debug|Any CPU
		{580F28CD-6E32-4A3B-BF2B-C833CB873CF3}.Release|Any CPU.ActiveCfg = Release|Any CPU
		{580F28CD-6E32-4A3B-BF2B-C833CB873CF3}.Release|Any CPU.Build.0 = Release|Any CPU
		{580F28CD-6E32-4A3B-BF2B-C833CB873CF3}.Release|x64.ActiveCfg = Release|Any CPU
		{580F28CD-6E32-4A3B-BF2B-C833CB873CF3}.Release|x64.Build.0 = Release|Any CPU
		{580F28CD-6E32-4A3B-BF2B-C833CB873CF3}.Release|x86.ActiveCfg = Release|Any CPU
		{580F28CD-6E32-4A3B-BF2B-C833CB873CF3}.Release|x86.Build.0 = Release|Any CPU
		{C6713B94-95C7-41E7-A14C-9D6AA57CCA91}.Debug|Any CPU.ActiveCfg = Debug|Any CPU
		{C6713B94-95C7-41E7-A14C-9D6AA57CCA91}.Debug|Any CPU.Build.0 = Debug|Any CPU
		{C6713B94-95C7-41E7-A14C-9D6AA57CCA91}.Debug|x64.ActiveCfg = Debug|Any CPU
		{C6713B94-95C7-41E7-A14C-9D6AA57CCA91}.Debug|x64.Build.0 = Debug|Any CPU
		{C6713B94-95C7-41E7-A14C-9D6AA57CCA91}.Debug|x86.ActiveCfg = Debug|Any CPU
		{C6713B94-95C7-41E7-A14C-9D6AA57CCA91}.Debug|x86.Build.0 = Debug|Any CPU
		{C6713B94-95C7-41E7-A14C-9D6AA57CCA91}.Release|Any CPU.ActiveCfg = Release|Any CPU
		{C6713B94-95C7-41E7-A14C-9D6AA57CCA91}.Release|Any CPU.Build.0 = Release|Any CPU
		{C6713B94-95C7-41E7-A14C-9D6AA57CCA91}.Release|x64.ActiveCfg = Release|Any CPU
		{C6713B94-95C7-41E7-A14C-9D6AA57CCA91}.Release|x64.Build.0 = Release|Any CPU
		{C6713B94-95C7-41E7-A14C-9D6AA57CCA91}.Release|x86.ActiveCfg = Release|Any CPU
		{C6713B94-95C7-41E7-A14C-9D6AA57CCA91}.Release|x86.Build.0 = Release|Any CPU
		{84966F80-A415-40D0-93F8-6092CDD60623}.Debug|Any CPU.ActiveCfg = Debug|Any CPU
		{84966F80-A415-40D0-93F8-6092CDD60623}.Debug|Any CPU.Build.0 = Debug|Any CPU
		{84966F80-A415-40D0-93F8-6092CDD60623}.Debug|x64.ActiveCfg = Debug|Any CPU
		{84966F80-A415-40D0-93F8-6092CDD60623}.Debug|x64.Build.0 = Debug|Any CPU
		{84966F80-A415-40D0-93F8-6092CDD60623}.Debug|x86.ActiveCfg = Debug|Any CPU
		{84966F80-A415-40D0-93F8-6092CDD60623}.Debug|x86.Build.0 = Debug|Any CPU
		{84966F80-A415-40D0-93F8-6092CDD60623}.Release|Any CPU.ActiveCfg = Release|Any CPU
		{84966F80-A415-40D0-93F8-6092CDD60623}.Release|Any CPU.Build.0 = Release|Any CPU
		{84966F80-A415-40D0-93F8-6092CDD60623}.Release|x64.ActiveCfg = Release|Any CPU
		{84966F80-A415-40D0-93F8-6092CDD60623}.Release|x64.Build.0 = Release|Any CPU
		{84966F80-A415-40D0-93F8-6092CDD60623}.Release|x86.ActiveCfg = Release|Any CPU
		{84966F80-A415-40D0-93F8-6092CDD60623}.Release|x86.Build.0 = Release|Any CPU
		{DEFE58FF-EAC1-4ACD-9D5C-E349501747F7}.Debug|Any CPU.ActiveCfg = Debug|Any CPU
		{DEFE58FF-EAC1-4ACD-9D5C-E349501747F7}.Debug|Any CPU.Build.0 = Debug|Any CPU
		{DEFE58FF-EAC1-4ACD-9D5C-E349501747F7}.Debug|x64.ActiveCfg = Debug|Any CPU
		{DEFE58FF-EAC1-4ACD-9D5C-E349501747F7}.Debug|x64.Build.0 = Debug|Any CPU
		{DEFE58FF-EAC1-4ACD-9D5C-E349501747F7}.Debug|x86.ActiveCfg = Debug|Any CPU
		{DEFE58FF-EAC1-4ACD-9D5C-E349501747F7}.Debug|x86.Build.0 = Debug|Any CPU
		{DEFE58FF-EAC1-4ACD-9D5C-E349501747F7}.Release|Any CPU.ActiveCfg = Release|Any CPU
		{DEFE58FF-EAC1-4ACD-9D5C-E349501747F7}.Release|Any CPU.Build.0 = Release|Any CPU
		{DEFE58FF-EAC1-4ACD-9D5C-E349501747F7}.Release|x64.ActiveCfg = Release|Any CPU
		{DEFE58FF-EAC1-4ACD-9D5C-E349501747F7}.Release|x64.Build.0 = Release|Any CPU
		{DEFE58FF-EAC1-4ACD-9D5C-E349501747F7}.Release|x86.ActiveCfg = Release|Any CPU
		{DEFE58FF-EAC1-4ACD-9D5C-E349501747F7}.Release|x86.Build.0 = Release|Any CPU
		{6927F4C1-DB13-408D-8076-008507EC03A8}.Debug|Any CPU.ActiveCfg = Debug|Any CPU
		{6927F4C1-DB13-408D-8076-008507EC03A8}.Debug|Any CPU.Build.0 = Debug|Any CPU
		{6927F4C1-DB13-408D-8076-008507EC03A8}.Debug|x64.ActiveCfg = Debug|Any CPU
		{6927F4C1-DB13-408D-8076-008507EC03A8}.Debug|x64.Build.0 = Debug|Any CPU
		{6927F4C1-DB13-408D-8076-008507EC03A8}.Debug|x86.ActiveCfg = Debug|Any CPU
		{6927F4C1-DB13-408D-8076-008507EC03A8}.Debug|x86.Build.0 = Debug|Any CPU
		{6927F4C1-DB13-408D-8076-008507EC03A8}.Release|Any CPU.ActiveCfg = Release|Any CPU
		{6927F4C1-DB13-408D-8076-008507EC03A8}.Release|Any CPU.Build.0 = Release|Any CPU
		{6927F4C1-DB13-408D-8076-008507EC03A8}.Release|x64.ActiveCfg = Release|Any CPU
		{6927F4C1-DB13-408D-8076-008507EC03A8}.Release|x64.Build.0 = Release|Any CPU
		{6927F4C1-DB13-408D-8076-008507EC03A8}.Release|x86.ActiveCfg = Release|Any CPU
		{6927F4C1-DB13-408D-8076-008507EC03A8}.Release|x86.Build.0 = Release|Any CPU
		{153469AC-9A84-479D-A31A-929BCD50F8FC}.Debug|Any CPU.ActiveCfg = Debug|Any CPU
		{153469AC-9A84-479D-A31A-929BCD50F8FC}.Debug|Any CPU.Build.0 = Debug|Any CPU
		{153469AC-9A84-479D-A31A-929BCD50F8FC}.Debug|x64.ActiveCfg = Debug|Any CPU
		{153469AC-9A84-479D-A31A-929BCD50F8FC}.Debug|x64.Build.0 = Debug|Any CPU
		{153469AC-9A84-479D-A31A-929BCD50F8FC}.Debug|x86.ActiveCfg = Debug|Any CPU
		{153469AC-9A84-479D-A31A-929BCD50F8FC}.Debug|x86.Build.0 = Debug|Any CPU
		{153469AC-9A84-479D-A31A-929BCD50F8FC}.Release|Any CPU.ActiveCfg = Release|Any CPU
		{153469AC-9A84-479D-A31A-929BCD50F8FC}.Release|Any CPU.Build.0 = Release|Any CPU
		{153469AC-9A84-479D-A31A-929BCD50F8FC}.Release|x64.ActiveCfg = Release|Any CPU
		{153469AC-9A84-479D-A31A-929BCD50F8FC}.Release|x64.Build.0 = Release|Any CPU
		{153469AC-9A84-479D-A31A-929BCD50F8FC}.Release|x86.ActiveCfg = Release|Any CPU
		{153469AC-9A84-479D-A31A-929BCD50F8FC}.Release|x86.Build.0 = Release|Any CPU
		{A5AB953A-2FB5-4A1B-81FC-0FF5C9B7D7D9}.Debug|Any CPU.ActiveCfg = Debug|Any CPU
		{A5AB953A-2FB5-4A1B-81FC-0FF5C9B7D7D9}.Debug|Any CPU.Build.0 = Debug|Any CPU
		{A5AB953A-2FB5-4A1B-81FC-0FF5C9B7D7D9}.Debug|x64.ActiveCfg = Debug|Any CPU
		{A5AB953A-2FB5-4A1B-81FC-0FF5C9B7D7D9}.Debug|x64.Build.0 = Debug|Any CPU
		{A5AB953A-2FB5-4A1B-81FC-0FF5C9B7D7D9}.Debug|x86.ActiveCfg = Debug|Any CPU
		{A5AB953A-2FB5-4A1B-81FC-0FF5C9B7D7D9}.Debug|x86.Build.0 = Debug|Any CPU
		{A5AB953A-2FB5-4A1B-81FC-0FF5C9B7D7D9}.Release|Any CPU.ActiveCfg = Release|Any CPU
		{A5AB953A-2FB5-4A1B-81FC-0FF5C9B7D7D9}.Release|Any CPU.Build.0 = Release|Any CPU
		{A5AB953A-2FB5-4A1B-81FC-0FF5C9B7D7D9}.Release|x64.ActiveCfg = Release|Any CPU
		{A5AB953A-2FB5-4A1B-81FC-0FF5C9B7D7D9}.Release|x64.Build.0 = Release|Any CPU
		{A5AB953A-2FB5-4A1B-81FC-0FF5C9B7D7D9}.Release|x86.ActiveCfg = Release|Any CPU
		{A5AB953A-2FB5-4A1B-81FC-0FF5C9B7D7D9}.Release|x86.Build.0 = Release|Any CPU
		{9EC04F1C-5D7D-4AFE-BF1C-ED62DB3D9B5C}.Debug|Any CPU.ActiveCfg = Debug|Any CPU
		{9EC04F1C-5D7D-4AFE-BF1C-ED62DB3D9B5C}.Debug|Any CPU.Build.0 = Debug|Any CPU
		{9EC04F1C-5D7D-4AFE-BF1C-ED62DB3D9B5C}.Debug|x64.ActiveCfg = Debug|Any CPU
		{9EC04F1C-5D7D-4AFE-BF1C-ED62DB3D9B5C}.Debug|x64.Build.0 = Debug|Any CPU
		{9EC04F1C-5D7D-4AFE-BF1C-ED62DB3D9B5C}.Debug|x86.ActiveCfg = Debug|Any CPU
		{9EC04F1C-5D7D-4AFE-BF1C-ED62DB3D9B5C}.Debug|x86.Build.0 = Debug|Any CPU
		{9EC04F1C-5D7D-4AFE-BF1C-ED62DB3D9B5C}.Release|Any CPU.ActiveCfg = Release|Any CPU
		{9EC04F1C-5D7D-4AFE-BF1C-ED62DB3D9B5C}.Release|Any CPU.Build.0 = Release|Any CPU
		{9EC04F1C-5D7D-4AFE-BF1C-ED62DB3D9B5C}.Release|x64.ActiveCfg = Release|Any CPU
		{9EC04F1C-5D7D-4AFE-BF1C-ED62DB3D9B5C}.Release|x64.Build.0 = Release|Any CPU
		{9EC04F1C-5D7D-4AFE-BF1C-ED62DB3D9B5C}.Release|x86.ActiveCfg = Release|Any CPU
		{9EC04F1C-5D7D-4AFE-BF1C-ED62DB3D9B5C}.Release|x86.Build.0 = Release|Any CPU
		{DF4899C5-60B5-4CE2-9C46-FFC033504516}.Debug|Any CPU.ActiveCfg = Debug|Any CPU
		{DF4899C5-60B5-4CE2-9C46-FFC033504516}.Debug|Any CPU.Build.0 = Debug|Any CPU
		{DF4899C5-60B5-4CE2-9C46-FFC033504516}.Debug|x64.ActiveCfg = Debug|Any CPU
		{DF4899C5-60B5-4CE2-9C46-FFC033504516}.Debug|x64.Build.0 = Debug|Any CPU
		{DF4899C5-60B5-4CE2-9C46-FFC033504516}.Debug|x86.ActiveCfg = Debug|Any CPU
		{DF4899C5-60B5-4CE2-9C46-FFC033504516}.Debug|x86.Build.0 = Debug|Any CPU
		{DF4899C5-60B5-4CE2-9C46-FFC033504516}.Release|Any CPU.ActiveCfg = Release|Any CPU
		{DF4899C5-60B5-4CE2-9C46-FFC033504516}.Release|Any CPU.Build.0 = Release|Any CPU
		{DF4899C5-60B5-4CE2-9C46-FFC033504516}.Release|x64.ActiveCfg = Release|Any CPU
		{DF4899C5-60B5-4CE2-9C46-FFC033504516}.Release|x64.Build.0 = Release|Any CPU
		{DF4899C5-60B5-4CE2-9C46-FFC033504516}.Release|x86.ActiveCfg = Release|Any CPU
		{DF4899C5-60B5-4CE2-9C46-FFC033504516}.Release|x86.Build.0 = Release|Any CPU
		{7B747130-6AC9-4AFA-A4E7-4A2CEB5FEDA7}.Debug|Any CPU.ActiveCfg = Debug|Any CPU
		{7B747130-6AC9-4AFA-A4E7-4A2CEB5FEDA7}.Debug|Any CPU.Build.0 = Debug|Any CPU
		{7B747130-6AC9-4AFA-A4E7-4A2CEB5FEDA7}.Debug|x64.ActiveCfg = Debug|Any CPU
		{7B747130-6AC9-4AFA-A4E7-4A2CEB5FEDA7}.Debug|x64.Build.0 = Debug|Any CPU
		{7B747130-6AC9-4AFA-A4E7-4A2CEB5FEDA7}.Debug|x86.ActiveCfg = Debug|Any CPU
		{7B747130-6AC9-4AFA-A4E7-4A2CEB5FEDA7}.Debug|x86.Build.0 = Debug|Any CPU
		{7B747130-6AC9-4AFA-A4E7-4A2CEB5FEDA7}.Release|Any CPU.ActiveCfg = Release|Any CPU
		{7B747130-6AC9-4AFA-A4E7-4A2CEB5FEDA7}.Release|Any CPU.Build.0 = Release|Any CPU
		{7B747130-6AC9-4AFA-A4E7-4A2CEB5FEDA7}.Release|x64.ActiveCfg = Release|Any CPU
		{7B747130-6AC9-4AFA-A4E7-4A2CEB5FEDA7}.Release|x64.Build.0 = Release|Any CPU
		{7B747130-6AC9-4AFA-A4E7-4A2CEB5FEDA7}.Release|x86.ActiveCfg = Release|Any CPU
		{7B747130-6AC9-4AFA-A4E7-4A2CEB5FEDA7}.Release|x86.Build.0 = Release|Any CPU
		{14FCDBC3-EF1B-408E-9B59-81B961FEEF17}.Debug|Any CPU.ActiveCfg = Debug|Any CPU
		{14FCDBC3-EF1B-408E-9B59-81B961FEEF17}.Debug|Any CPU.Build.0 = Debug|Any CPU
		{14FCDBC3-EF1B-408E-9B59-81B961FEEF17}.Debug|x64.ActiveCfg = Debug|Any CPU
		{14FCDBC3-EF1B-408E-9B59-81B961FEEF17}.Debug|x64.Build.0 = Debug|Any CPU
		{14FCDBC3-EF1B-408E-9B59-81B961FEEF17}.Debug|x86.ActiveCfg = Debug|Any CPU
		{14FCDBC3-EF1B-408E-9B59-81B961FEEF17}.Debug|x86.Build.0 = Debug|Any CPU
		{14FCDBC3-EF1B-408E-9B59-81B961FEEF17}.Release|Any CPU.ActiveCfg = Release|Any CPU
		{14FCDBC3-EF1B-408E-9B59-81B961FEEF17}.Release|Any CPU.Build.0 = Release|Any CPU
		{14FCDBC3-EF1B-408E-9B59-81B961FEEF17}.Release|x64.ActiveCfg = Release|Any CPU
		{14FCDBC3-EF1B-408E-9B59-81B961FEEF17}.Release|x64.Build.0 = Release|Any CPU
		{14FCDBC3-EF1B-408E-9B59-81B961FEEF17}.Release|x86.ActiveCfg = Release|Any CPU
		{14FCDBC3-EF1B-408E-9B59-81B961FEEF17}.Release|x86.Build.0 = Release|Any CPU
		{A0ECFBEF-CF25-4D31-8792-BBA1D50D07DE}.Debug|Any CPU.ActiveCfg = Debug|Any CPU
		{A0ECFBEF-CF25-4D31-8792-BBA1D50D07DE}.Debug|Any CPU.Build.0 = Debug|Any CPU
		{A0ECFBEF-CF25-4D31-8792-BBA1D50D07DE}.Debug|x64.ActiveCfg = Debug|Any CPU
		{A0ECFBEF-CF25-4D31-8792-BBA1D50D07DE}.Debug|x64.Build.0 = Debug|Any CPU
		{A0ECFBEF-CF25-4D31-8792-BBA1D50D07DE}.Debug|x86.ActiveCfg = Debug|Any CPU
		{A0ECFBEF-CF25-4D31-8792-BBA1D50D07DE}.Debug|x86.Build.0 = Debug|Any CPU
		{A0ECFBEF-CF25-4D31-8792-BBA1D50D07DE}.Release|Any CPU.ActiveCfg = Release|Any CPU
		{A0ECFBEF-CF25-4D31-8792-BBA1D50D07DE}.Release|Any CPU.Build.0 = Release|Any CPU
		{A0ECFBEF-CF25-4D31-8792-BBA1D50D07DE}.Release|x64.ActiveCfg = Release|Any CPU
		{A0ECFBEF-CF25-4D31-8792-BBA1D50D07DE}.Release|x64.Build.0 = Release|Any CPU
		{A0ECFBEF-CF25-4D31-8792-BBA1D50D07DE}.Release|x86.ActiveCfg = Release|Any CPU
		{A0ECFBEF-CF25-4D31-8792-BBA1D50D07DE}.Release|x86.Build.0 = Release|Any CPU
		{3C259E4B-24EE-41E1-8273-3350D755305E}.Debug|Any CPU.ActiveCfg = Debug|Any CPU
		{3C259E4B-24EE-41E1-8273-3350D755305E}.Debug|Any CPU.Build.0 = Debug|Any CPU
		{3C259E4B-24EE-41E1-8273-3350D755305E}.Debug|x64.ActiveCfg = Debug|Any CPU
		{3C259E4B-24EE-41E1-8273-3350D755305E}.Debug|x64.Build.0 = Debug|Any CPU
		{3C259E4B-24EE-41E1-8273-3350D755305E}.Debug|x86.ActiveCfg = Debug|Any CPU
		{3C259E4B-24EE-41E1-8273-3350D755305E}.Debug|x86.Build.0 = Debug|Any CPU
		{3C259E4B-24EE-41E1-8273-3350D755305E}.Release|Any CPU.ActiveCfg = Release|Any CPU
		{3C259E4B-24EE-41E1-8273-3350D755305E}.Release|Any CPU.Build.0 = Release|Any CPU
		{3C259E4B-24EE-41E1-8273-3350D755305E}.Release|x64.ActiveCfg = Release|Any CPU
		{3C259E4B-24EE-41E1-8273-3350D755305E}.Release|x64.Build.0 = Release|Any CPU
		{3C259E4B-24EE-41E1-8273-3350D755305E}.Release|x86.ActiveCfg = Release|Any CPU
		{3C259E4B-24EE-41E1-8273-3350D755305E}.Release|x86.Build.0 = Release|Any CPU
		{2DF69ACD-D0C8-4888-8BCA-7FA8B5880B5F}.Debug|Any CPU.ActiveCfg = Debug|Any CPU
		{2DF69ACD-D0C8-4888-8BCA-7FA8B5880B5F}.Debug|Any CPU.Build.0 = Debug|Any CPU
		{2DF69ACD-D0C8-4888-8BCA-7FA8B5880B5F}.Debug|x64.ActiveCfg = Debug|Any CPU
		{2DF69ACD-D0C8-4888-8BCA-7FA8B5880B5F}.Debug|x64.Build.0 = Debug|Any CPU
		{2DF69ACD-D0C8-4888-8BCA-7FA8B5880B5F}.Debug|x86.ActiveCfg = Debug|Any CPU
		{2DF69ACD-D0C8-4888-8BCA-7FA8B5880B5F}.Debug|x86.Build.0 = Debug|Any CPU
		{2DF69ACD-D0C8-4888-8BCA-7FA8B5880B5F}.Release|Any CPU.ActiveCfg = Release|Any CPU
		{2DF69ACD-D0C8-4888-8BCA-7FA8B5880B5F}.Release|Any CPU.Build.0 = Release|Any CPU
		{2DF69ACD-D0C8-4888-8BCA-7FA8B5880B5F}.Release|x64.ActiveCfg = Release|Any CPU
		{2DF69ACD-D0C8-4888-8BCA-7FA8B5880B5F}.Release|x64.Build.0 = Release|Any CPU
		{2DF69ACD-D0C8-4888-8BCA-7FA8B5880B5F}.Release|x86.ActiveCfg = Release|Any CPU
		{2DF69ACD-D0C8-4888-8BCA-7FA8B5880B5F}.Release|x86.Build.0 = Release|Any CPU
		{621B259B-2081-429F-A96C-3FAC308AC9DA}.Debug|Any CPU.ActiveCfg = Debug|Any CPU
		{621B259B-2081-429F-A96C-3FAC308AC9DA}.Debug|Any CPU.Build.0 = Debug|Any CPU
		{621B259B-2081-429F-A96C-3FAC308AC9DA}.Debug|x64.ActiveCfg = Debug|Any CPU
		{621B259B-2081-429F-A96C-3FAC308AC9DA}.Debug|x64.Build.0 = Debug|Any CPU
		{621B259B-2081-429F-A96C-3FAC308AC9DA}.Debug|x86.ActiveCfg = Debug|Any CPU
		{621B259B-2081-429F-A96C-3FAC308AC9DA}.Debug|x86.Build.0 = Debug|Any CPU
		{621B259B-2081-429F-A96C-3FAC308AC9DA}.Release|Any CPU.ActiveCfg = Release|Any CPU
		{621B259B-2081-429F-A96C-3FAC308AC9DA}.Release|Any CPU.Build.0 = Release|Any CPU
		{621B259B-2081-429F-A96C-3FAC308AC9DA}.Release|x64.ActiveCfg = Release|Any CPU
		{621B259B-2081-429F-A96C-3FAC308AC9DA}.Release|x64.Build.0 = Release|Any CPU
		{621B259B-2081-429F-A96C-3FAC308AC9DA}.Release|x86.ActiveCfg = Release|Any CPU
		{621B259B-2081-429F-A96C-3FAC308AC9DA}.Release|x86.Build.0 = Release|Any CPU
		{05EFC1C9-D6B1-4B64-9A51-BE36B3EEC52C}.Debug|Any CPU.ActiveCfg = Debug|Any CPU
		{05EFC1C9-D6B1-4B64-9A51-BE36B3EEC52C}.Debug|Any CPU.Build.0 = Debug|Any CPU
		{05EFC1C9-D6B1-4B64-9A51-BE36B3EEC52C}.Debug|x64.ActiveCfg = Debug|Any CPU
		{05EFC1C9-D6B1-4B64-9A51-BE36B3EEC52C}.Debug|x64.Build.0 = Debug|Any CPU
		{05EFC1C9-D6B1-4B64-9A51-BE36B3EEC52C}.Debug|x86.ActiveCfg = Debug|Any CPU
		{05EFC1C9-D6B1-4B64-9A51-BE36B3EEC52C}.Debug|x86.Build.0 = Debug|Any CPU
		{05EFC1C9-D6B1-4B64-9A51-BE36B3EEC52C}.Release|Any CPU.ActiveCfg = Release|Any CPU
		{05EFC1C9-D6B1-4B64-9A51-BE36B3EEC52C}.Release|Any CPU.Build.0 = Release|Any CPU
		{05EFC1C9-D6B1-4B64-9A51-BE36B3EEC52C}.Release|x64.ActiveCfg = Release|Any CPU
		{05EFC1C9-D6B1-4B64-9A51-BE36B3EEC52C}.Release|x64.Build.0 = Release|Any CPU
		{05EFC1C9-D6B1-4B64-9A51-BE36B3EEC52C}.Release|x86.ActiveCfg = Release|Any CPU
		{05EFC1C9-D6B1-4B64-9A51-BE36B3EEC52C}.Release|x86.Build.0 = Release|Any CPU
		{00A6A85B-AC80-42F9-B930-6CC2E4F1A45F}.Debug|Any CPU.ActiveCfg = Debug|Any CPU
		{00A6A85B-AC80-42F9-B930-6CC2E4F1A45F}.Debug|Any CPU.Build.0 = Debug|Any CPU
		{00A6A85B-AC80-42F9-B930-6CC2E4F1A45F}.Debug|x64.ActiveCfg = Debug|Any CPU
		{00A6A85B-AC80-42F9-B930-6CC2E4F1A45F}.Debug|x64.Build.0 = Debug|Any CPU
		{00A6A85B-AC80-42F9-B930-6CC2E4F1A45F}.Debug|x86.ActiveCfg = Debug|Any CPU
		{00A6A85B-AC80-42F9-B930-6CC2E4F1A45F}.Debug|x86.Build.0 = Debug|Any CPU
		{00A6A85B-AC80-42F9-B930-6CC2E4F1A45F}.Release|Any CPU.ActiveCfg = Release|Any CPU
		{00A6A85B-AC80-42F9-B930-6CC2E4F1A45F}.Release|Any CPU.Build.0 = Release|Any CPU
		{00A6A85B-AC80-42F9-B930-6CC2E4F1A45F}.Release|x64.ActiveCfg = Release|Any CPU
		{00A6A85B-AC80-42F9-B930-6CC2E4F1A45F}.Release|x64.Build.0 = Release|Any CPU
		{00A6A85B-AC80-42F9-B930-6CC2E4F1A45F}.Release|x86.ActiveCfg = Release|Any CPU
		{00A6A85B-AC80-42F9-B930-6CC2E4F1A45F}.Release|x86.Build.0 = Release|Any CPU
		{F828EA98-FA76-4D25-BB33-F5CBA5F795AD}.Debug|Any CPU.ActiveCfg = Debug|Any CPU
		{F828EA98-FA76-4D25-BB33-F5CBA5F795AD}.Debug|Any CPU.Build.0 = Debug|Any CPU
		{F828EA98-FA76-4D25-BB33-F5CBA5F795AD}.Debug|x64.ActiveCfg = Debug|Any CPU
		{F828EA98-FA76-4D25-BB33-F5CBA5F795AD}.Debug|x64.Build.0 = Debug|Any CPU
		{F828EA98-FA76-4D25-BB33-F5CBA5F795AD}.Debug|x86.ActiveCfg = Debug|Any CPU
		{F828EA98-FA76-4D25-BB33-F5CBA5F795AD}.Debug|x86.Build.0 = Debug|Any CPU
		{F828EA98-FA76-4D25-BB33-F5CBA5F795AD}.Release|Any CPU.ActiveCfg = Release|Any CPU
		{F828EA98-FA76-4D25-BB33-F5CBA5F795AD}.Release|Any CPU.Build.0 = Release|Any CPU
		{F828EA98-FA76-4D25-BB33-F5CBA5F795AD}.Release|x64.ActiveCfg = Release|Any CPU
		{F828EA98-FA76-4D25-BB33-F5CBA5F795AD}.Release|x64.Build.0 = Release|Any CPU
		{F828EA98-FA76-4D25-BB33-F5CBA5F795AD}.Release|x86.ActiveCfg = Release|Any CPU
		{F828EA98-FA76-4D25-BB33-F5CBA5F795AD}.Release|x86.Build.0 = Release|Any CPU
		{D6C5654D-918A-48C8-83DD-BBB27ED4A058}.Debug|Any CPU.ActiveCfg = Debug|Any CPU
		{D6C5654D-918A-48C8-83DD-BBB27ED4A058}.Debug|Any CPU.Build.0 = Debug|Any CPU
		{D6C5654D-918A-48C8-83DD-BBB27ED4A058}.Debug|x64.ActiveCfg = Debug|Any CPU
		{D6C5654D-918A-48C8-83DD-BBB27ED4A058}.Debug|x64.Build.0 = Debug|Any CPU
		{D6C5654D-918A-48C8-83DD-BBB27ED4A058}.Debug|x86.ActiveCfg = Debug|Any CPU
		{D6C5654D-918A-48C8-83DD-BBB27ED4A058}.Debug|x86.Build.0 = Debug|Any CPU
		{D6C5654D-918A-48C8-83DD-BBB27ED4A058}.Release|Any CPU.ActiveCfg = Release|Any CPU
		{D6C5654D-918A-48C8-83DD-BBB27ED4A058}.Release|Any CPU.Build.0 = Release|Any CPU
		{D6C5654D-918A-48C8-83DD-BBB27ED4A058}.Release|x64.ActiveCfg = Release|Any CPU
		{D6C5654D-918A-48C8-83DD-BBB27ED4A058}.Release|x64.Build.0 = Release|Any CPU
		{D6C5654D-918A-48C8-83DD-BBB27ED4A058}.Release|x86.ActiveCfg = Release|Any CPU
		{D6C5654D-918A-48C8-83DD-BBB27ED4A058}.Release|x86.Build.0 = Release|Any CPU
		{65A65686-BE93-44F8-9938-3B37BEDA02D6}.Debug|Any CPU.ActiveCfg = Debug|Any CPU
		{65A65686-BE93-44F8-9938-3B37BEDA02D6}.Debug|Any CPU.Build.0 = Debug|Any CPU
		{65A65686-BE93-44F8-9938-3B37BEDA02D6}.Debug|x64.ActiveCfg = Debug|Any CPU
		{65A65686-BE93-44F8-9938-3B37BEDA02D6}.Debug|x64.Build.0 = Debug|Any CPU
		{65A65686-BE93-44F8-9938-3B37BEDA02D6}.Debug|x86.ActiveCfg = Debug|Any CPU
		{65A65686-BE93-44F8-9938-3B37BEDA02D6}.Debug|x86.Build.0 = Debug|Any CPU
		{65A65686-BE93-44F8-9938-3B37BEDA02D6}.Release|Any CPU.ActiveCfg = Release|Any CPU
		{65A65686-BE93-44F8-9938-3B37BEDA02D6}.Release|Any CPU.Build.0 = Release|Any CPU
		{65A65686-BE93-44F8-9938-3B37BEDA02D6}.Release|x64.ActiveCfg = Release|Any CPU
		{65A65686-BE93-44F8-9938-3B37BEDA02D6}.Release|x64.Build.0 = Release|Any CPU
		{65A65686-BE93-44F8-9938-3B37BEDA02D6}.Release|x86.ActiveCfg = Release|Any CPU
		{65A65686-BE93-44F8-9938-3B37BEDA02D6}.Release|x86.Build.0 = Release|Any CPU
		{EA6AD876-6992-462B-9441-376B1D8CA594}.Debug|Any CPU.ActiveCfg = Debug|Any CPU
		{EA6AD876-6992-462B-9441-376B1D8CA594}.Debug|Any CPU.Build.0 = Debug|Any CPU
		{EA6AD876-6992-462B-9441-376B1D8CA594}.Debug|x64.ActiveCfg = Debug|Any CPU
		{EA6AD876-6992-462B-9441-376B1D8CA594}.Debug|x64.Build.0 = Debug|Any CPU
		{EA6AD876-6992-462B-9441-376B1D8CA594}.Debug|x86.ActiveCfg = Debug|Any CPU
		{EA6AD876-6992-462B-9441-376B1D8CA594}.Debug|x86.Build.0 = Debug|Any CPU
		{EA6AD876-6992-462B-9441-376B1D8CA594}.Release|Any CPU.ActiveCfg = Release|Any CPU
		{EA6AD876-6992-462B-9441-376B1D8CA594}.Release|Any CPU.Build.0 = Release|Any CPU
		{EA6AD876-6992-462B-9441-376B1D8CA594}.Release|x64.ActiveCfg = Release|Any CPU
		{EA6AD876-6992-462B-9441-376B1D8CA594}.Release|x64.Build.0 = Release|Any CPU
		{EA6AD876-6992-462B-9441-376B1D8CA594}.Release|x86.ActiveCfg = Release|Any CPU
		{EA6AD876-6992-462B-9441-376B1D8CA594}.Release|x86.Build.0 = Release|Any CPU
		{8B74F28A-7643-4BD7-907D-0DFD0D5287D6}.Debug|Any CPU.ActiveCfg = Debug|Any CPU
		{8B74F28A-7643-4BD7-907D-0DFD0D5287D6}.Debug|Any CPU.Build.0 = Debug|Any CPU
		{8B74F28A-7643-4BD7-907D-0DFD0D5287D6}.Debug|x64.ActiveCfg = Debug|Any CPU
		{8B74F28A-7643-4BD7-907D-0DFD0D5287D6}.Debug|x64.Build.0 = Debug|Any CPU
		{8B74F28A-7643-4BD7-907D-0DFD0D5287D6}.Debug|x86.ActiveCfg = Debug|Any CPU
		{8B74F28A-7643-4BD7-907D-0DFD0D5287D6}.Debug|x86.Build.0 = Debug|Any CPU
		{8B74F28A-7643-4BD7-907D-0DFD0D5287D6}.Release|Any CPU.ActiveCfg = Release|Any CPU
		{8B74F28A-7643-4BD7-907D-0DFD0D5287D6}.Release|Any CPU.Build.0 = Release|Any CPU
		{8B74F28A-7643-4BD7-907D-0DFD0D5287D6}.Release|x64.ActiveCfg = Release|Any CPU
		{8B74F28A-7643-4BD7-907D-0DFD0D5287D6}.Release|x64.Build.0 = Release|Any CPU
		{8B74F28A-7643-4BD7-907D-0DFD0D5287D6}.Release|x86.ActiveCfg = Release|Any CPU
		{8B74F28A-7643-4BD7-907D-0DFD0D5287D6}.Release|x86.Build.0 = Release|Any CPU
		{E66840D8-AD0A-4BDE-8B8D-7AB7CC00655E}.Debug|Any CPU.ActiveCfg = Debug|Any CPU
		{E66840D8-AD0A-4BDE-8B8D-7AB7CC00655E}.Debug|Any CPU.Build.0 = Debug|Any CPU
		{E66840D8-AD0A-4BDE-8B8D-7AB7CC00655E}.Debug|x64.ActiveCfg = Debug|Any CPU
		{E66840D8-AD0A-4BDE-8B8D-7AB7CC00655E}.Debug|x64.Build.0 = Debug|Any CPU
		{E66840D8-AD0A-4BDE-8B8D-7AB7CC00655E}.Debug|x86.ActiveCfg = Debug|Any CPU
		{E66840D8-AD0A-4BDE-8B8D-7AB7CC00655E}.Debug|x86.Build.0 = Debug|Any CPU
		{E66840D8-AD0A-4BDE-8B8D-7AB7CC00655E}.Release|Any CPU.ActiveCfg = Release|Any CPU
		{E66840D8-AD0A-4BDE-8B8D-7AB7CC00655E}.Release|Any CPU.Build.0 = Release|Any CPU
		{E66840D8-AD0A-4BDE-8B8D-7AB7CC00655E}.Release|x64.ActiveCfg = Release|Any CPU
		{E66840D8-AD0A-4BDE-8B8D-7AB7CC00655E}.Release|x64.Build.0 = Release|Any CPU
		{E66840D8-AD0A-4BDE-8B8D-7AB7CC00655E}.Release|x86.ActiveCfg = Release|Any CPU
		{E66840D8-AD0A-4BDE-8B8D-7AB7CC00655E}.Release|x86.Build.0 = Release|Any CPU
		{2A902162-77F0-4642-B917-E463B3EA18E4}.Debug|Any CPU.ActiveCfg = Debug|Any CPU
		{2A902162-77F0-4642-B917-E463B3EA18E4}.Debug|Any CPU.Build.0 = Debug|Any CPU
		{2A902162-77F0-4642-B917-E463B3EA18E4}.Debug|x64.ActiveCfg = Debug|Any CPU
		{2A902162-77F0-4642-B917-E463B3EA18E4}.Debug|x64.Build.0 = Debug|Any CPU
		{2A902162-77F0-4642-B917-E463B3EA18E4}.Debug|x86.ActiveCfg = Debug|Any CPU
		{2A902162-77F0-4642-B917-E463B3EA18E4}.Debug|x86.Build.0 = Debug|Any CPU
		{2A902162-77F0-4642-B917-E463B3EA18E4}.Release|Any CPU.ActiveCfg = Release|Any CPU
		{2A902162-77F0-4642-B917-E463B3EA18E4}.Release|Any CPU.Build.0 = Release|Any CPU
		{2A902162-77F0-4642-B917-E463B3EA18E4}.Release|x64.ActiveCfg = Release|Any CPU
		{2A902162-77F0-4642-B917-E463B3EA18E4}.Release|x64.Build.0 = Release|Any CPU
		{2A902162-77F0-4642-B917-E463B3EA18E4}.Release|x86.ActiveCfg = Release|Any CPU
		{2A902162-77F0-4642-B917-E463B3EA18E4}.Release|x86.Build.0 = Release|Any CPU
		{C6A5F503-E1DC-40C6-B9A6-2FB1139294B2}.Debug|Any CPU.ActiveCfg = Debug|Any CPU
		{C6A5F503-E1DC-40C6-B9A6-2FB1139294B2}.Debug|Any CPU.Build.0 = Debug|Any CPU
		{C6A5F503-E1DC-40C6-B9A6-2FB1139294B2}.Debug|x64.ActiveCfg = Debug|Any CPU
		{C6A5F503-E1DC-40C6-B9A6-2FB1139294B2}.Debug|x64.Build.0 = Debug|Any CPU
		{C6A5F503-E1DC-40C6-B9A6-2FB1139294B2}.Debug|x86.ActiveCfg = Debug|Any CPU
		{C6A5F503-E1DC-40C6-B9A6-2FB1139294B2}.Debug|x86.Build.0 = Debug|Any CPU
		{C6A5F503-E1DC-40C6-B9A6-2FB1139294B2}.Release|Any CPU.ActiveCfg = Release|Any CPU
		{C6A5F503-E1DC-40C6-B9A6-2FB1139294B2}.Release|Any CPU.Build.0 = Release|Any CPU
		{C6A5F503-E1DC-40C6-B9A6-2FB1139294B2}.Release|x64.ActiveCfg = Release|Any CPU
		{C6A5F503-E1DC-40C6-B9A6-2FB1139294B2}.Release|x64.Build.0 = Release|Any CPU
		{C6A5F503-E1DC-40C6-B9A6-2FB1139294B2}.Release|x86.ActiveCfg = Release|Any CPU
		{C6A5F503-E1DC-40C6-B9A6-2FB1139294B2}.Release|x86.Build.0 = Release|Any CPU
	EndGlobalSection
	GlobalSection(SolutionProperties) = preSolution
		HideSolutionNode = FALSE
	EndGlobalSection
	GlobalSection(NestedProjects) = preSolution
		{05051CDB-636C-4884-8D2B-58B01267E33D} = {9873879B-0FE8-4FFF-A337-AE75F0B4FAB3}
		{C0D411D8-49F3-489D-9F4E-F2A0D93B40B9} = {35ABD74D-8096-4B71-8FB4-320D1C0C51B0}
		{0B751ADF-3B70-4F1F-BD1D-945348A5C5AE} = {35ABD74D-8096-4B71-8FB4-320D1C0C51B0}
		{D7ACC2C9-C5EE-4807-8D48-C6A674B56C7D} = {35ABD74D-8096-4B71-8FB4-320D1C0C51B0}
		{16E57B2E-5A60-4D26-8CE8-A511C724EE41} = {35ABD74D-8096-4B71-8FB4-320D1C0C51B0}
		{337E677F-9261-49C3-9D38-811555FF80FA} = {9873879B-0FE8-4FFF-A337-AE75F0B4FAB3}
		{D6E4E3F0-EB39-43FD-9B1F-0FD9CDFD8C63} = {5B930C6F-3DD9-4DCD-A622-D554B7BE754E}
		{F24FC602-6A1D-4F1E-8727-768A7E87D6C5} = {5B930C6F-3DD9-4DCD-A622-D554B7BE754E}
		{4A062F3D-FFF9-4739-A864-17DD208A9268} = {5B930C6F-3DD9-4DCD-A622-D554B7BE754E}
		{00C44095-BCBA-455F-9557-C82C81E85917} = {5B930C6F-3DD9-4DCD-A622-D554B7BE754E}
		{AB3ACD95-7CCF-4F6C-8A62-57848A15FDC4} = {5B930C6F-3DD9-4DCD-A622-D554B7BE754E}
		{227B8793-BD76-40D2-90D4-6BD90060B6FB} = {5B930C6F-3DD9-4DCD-A622-D554B7BE754E}
		{0BFA142F-14E2-4D1A-BC76-EFA349E1A510} = {5B930C6F-3DD9-4DCD-A622-D554B7BE754E}
		{14938D53-8653-476A-8042-A263AD16E83B} = {5B930C6F-3DD9-4DCD-A622-D554B7BE754E}
		{1E00F9FE-3584-4C9F-A652-D6819278EB62} = {5B930C6F-3DD9-4DCD-A622-D554B7BE754E}
		{D89C5460-440D-4F7B-89AD-4CEB50893EBA} = {5B930C6F-3DD9-4DCD-A622-D554B7BE754E}
		{46960B88-8D13-4103-8AAA-071FA99FB69E} = {5B930C6F-3DD9-4DCD-A622-D554B7BE754E}
		{9508E870-699A-460E-AD89-810D49F59088} = {5B930C6F-3DD9-4DCD-A622-D554B7BE754E}
		{0AAFF118-235C-48B5-AF0C-9A87C7CF6939} = {5B930C6F-3DD9-4DCD-A622-D554B7BE754E}
		{C247ABB5-FDFF-44B5-AE75-E01A2A4D8436} = {5B930C6F-3DD9-4DCD-A622-D554B7BE754E}
		{4CAD1D75-B54C-482A-85B2-19D56CA28EC9} = {5B930C6F-3DD9-4DCD-A622-D554B7BE754E}
		{655E7C56-AEC5-4DB8-BDCD-30B76A83EF68} = {5B930C6F-3DD9-4DCD-A622-D554B7BE754E}
		{2BF276D1-543F-4C18-AEA0-57A55AE8D3C1} = {5B930C6F-3DD9-4DCD-A622-D554B7BE754E}
		{E8AF8BFD-0E6E-4B68-B391-F77D3B08D5C1} = {5B930C6F-3DD9-4DCD-A622-D554B7BE754E}
		{B7779699-C5A2-4E8B-8D14-0E0F122DF191} = {5B930C6F-3DD9-4DCD-A622-D554B7BE754E}
		{B30E8E51-FFBC-4FE5-933A-0157964D0B8B} = {5B930C6F-3DD9-4DCD-A622-D554B7BE754E}
		{E166EED1-7668-42E8-8ED6-C6E4A72C829C} = {5B930C6F-3DD9-4DCD-A622-D554B7BE754E}
		{47D3913D-04F2-4E8D-AE7F-3A2A9D82979F} = {5B930C6F-3DD9-4DCD-A622-D554B7BE754E}
		{00E26D6A-9772-4743-A7EF-8684A38F1980} = {5B930C6F-3DD9-4DCD-A622-D554B7BE754E}
		{B78FB2D3-C73D-492E-9F44-8ABC88510871} = {5B930C6F-3DD9-4DCD-A622-D554B7BE754E}
		{BED8E5C4-ED48-4F1B-B3C3-8881DD9A9D5C} = {5B930C6F-3DD9-4DCD-A622-D554B7BE754E}
		{1C700AF8-B69A-4BA8-8516-B89985A32CB1} = {5B930C6F-3DD9-4DCD-A622-D554B7BE754E}
		{7410FDF0-BA5E-42F6-A0A8-990AF8411DF3} = {5B930C6F-3DD9-4DCD-A622-D554B7BE754E}
		{7F72DF71-E665-47CE-BFEC-79E9CF7AED60} = {5B930C6F-3DD9-4DCD-A622-D554B7BE754E}
		{DE08DC47-447C-484A-9365-86495455F32C} = {5B930C6F-3DD9-4DCD-A622-D554B7BE754E}
		{07A77134-FF76-43FC-8B6F-8A0263DDE2B5} = {5B930C6F-3DD9-4DCD-A622-D554B7BE754E}
		{65981774-16BB-4327-887F-E66D1654589F} = {5B930C6F-3DD9-4DCD-A622-D554B7BE754E}
		{BABACDCF-FAE4-4C24-8BB8-BC3F05DA4024} = {5B930C6F-3DD9-4DCD-A622-D554B7BE754E}
		{1B890E0B-2ACE-420A-AD68-0094E10BC7F5} = {5B930C6F-3DD9-4DCD-A622-D554B7BE754E}
		{910A44CA-5E9C-48E3-9BC6-958D4F8EBAF4} = {5B930C6F-3DD9-4DCD-A622-D554B7BE754E}
		{107D4BE0-9D9E-44DB-B56A-E9823CA32796} = {5B930C6F-3DD9-4DCD-A622-D554B7BE754E}
		{9791E56D-2C53-4A93-82D3-E01471862B5A} = {5B930C6F-3DD9-4DCD-A622-D554B7BE754E}
		{8BC314A6-84D1-4304-809D-65B432139C46} = {5B930C6F-3DD9-4DCD-A622-D554B7BE754E}
		{B3E86A55-5227-4457-9FD0-5005F25BF497} = {5B930C6F-3DD9-4DCD-A622-D554B7BE754E}
		{580F28CD-6E32-4A3B-BF2B-C833CB873CF3} = {5B930C6F-3DD9-4DCD-A622-D554B7BE754E}
		{C6713B94-95C7-41E7-A14C-9D6AA57CCA91} = {5B930C6F-3DD9-4DCD-A622-D554B7BE754E}
		{84966F80-A415-40D0-93F8-6092CDD60623} = {5B930C6F-3DD9-4DCD-A622-D554B7BE754E}
		{DEFE58FF-EAC1-4ACD-9D5C-E349501747F7} = {5B930C6F-3DD9-4DCD-A622-D554B7BE754E}
		{6927F4C1-DB13-408D-8076-008507EC03A8} = {5B930C6F-3DD9-4DCD-A622-D554B7BE754E}
		{153469AC-9A84-479D-A31A-929BCD50F8FC} = {5B930C6F-3DD9-4DCD-A622-D554B7BE754E}
		{A5AB953A-2FB5-4A1B-81FC-0FF5C9B7D7D9} = {5B930C6F-3DD9-4DCD-A622-D554B7BE754E}
		{9EC04F1C-5D7D-4AFE-BF1C-ED62DB3D9B5C} = {5B930C6F-3DD9-4DCD-A622-D554B7BE754E}
		{DF4899C5-60B5-4CE2-9C46-FFC033504516} = {5B930C6F-3DD9-4DCD-A622-D554B7BE754E}
		{7B747130-6AC9-4AFA-A4E7-4A2CEB5FEDA7} = {5B930C6F-3DD9-4DCD-A622-D554B7BE754E}
		{14FCDBC3-EF1B-408E-9B59-81B961FEEF17} = {5B930C6F-3DD9-4DCD-A622-D554B7BE754E}
		{A0ECFBEF-CF25-4D31-8792-BBA1D50D07DE} = {5B930C6F-3DD9-4DCD-A622-D554B7BE754E}
		{3C259E4B-24EE-41E1-8273-3350D755305E} = {5B930C6F-3DD9-4DCD-A622-D554B7BE754E}
		{2DF69ACD-D0C8-4888-8BCA-7FA8B5880B5F} = {5B930C6F-3DD9-4DCD-A622-D554B7BE754E}
		{621B259B-2081-429F-A96C-3FAC308AC9DA} = {5B930C6F-3DD9-4DCD-A622-D554B7BE754E}
		{05EFC1C9-D6B1-4B64-9A51-BE36B3EEC52C} = {5B930C6F-3DD9-4DCD-A622-D554B7BE754E}
		{00A6A85B-AC80-42F9-B930-6CC2E4F1A45F} = {5B930C6F-3DD9-4DCD-A622-D554B7BE754E}
		{F828EA98-FA76-4D25-BB33-F5CBA5F795AD} = {5B930C6F-3DD9-4DCD-A622-D554B7BE754E}
		{D6C5654D-918A-48C8-83DD-BBB27ED4A058} = {5B930C6F-3DD9-4DCD-A622-D554B7BE754E}
		{65A65686-BE93-44F8-9938-3B37BEDA02D6} = {5B930C6F-3DD9-4DCD-A622-D554B7BE754E}
		{EA6AD876-6992-462B-9441-376B1D8CA594} = {5B930C6F-3DD9-4DCD-A622-D554B7BE754E}
		{8B74F28A-7643-4BD7-907D-0DFD0D5287D6} = {5B930C6F-3DD9-4DCD-A622-D554B7BE754E}
		{E66840D8-AD0A-4BDE-8B8D-7AB7CC00655E} = {5B930C6F-3DD9-4DCD-A622-D554B7BE754E}
		{2A902162-77F0-4642-B917-E463B3EA18E4} = {8DE3267D-8A39-4C97-A539-ACE57E267999}
		{C6A5F503-E1DC-40C6-B9A6-2FB1139294B2} = {9873879B-0FE8-4FFF-A337-AE75F0B4FAB3}
		{D4BD3C44-9894-1EF8-F001-384194C70440} = {74E61662-09E9-1C2C-24F4-1B257C798278}
	EndGlobalSection
	GlobalSection(ExtensibilityGlobals) = postSolution
		SolutionGuid = {53B493B7-329B-4286-97BE-D464877CF17D}
	EndGlobalSection
EndGlobal
