
Microsoft Visual Studio Solution File, Format Version 12.00
# Visual Studio Version 16
VisualStudioVersion = 16.0.29123.88
MinimumVisualStudioVersion = 10.0.40219.1
Project("{9A19103F-16F7-4668-BE54-9A1E7A4F7556}") = "Catalyst", "Catalyst\Catalyst.csproj", "{A86A90FD-73AB-49B4-8757-B7649EF6F470}"
EndProject
Global
	GlobalSection(SolutionConfigurationPlatforms) = preSolution
		Debug|Any CPU = Debug|Any CPU
		Release|Any CPU = Release|Any CPU
	EndGlobalSection
	GlobalSection(ProjectConfigurationPlatforms) = postSolution
		{A86A90FD-73AB-49B4-8757-B7649EF6F470}.Debug|Any CPU.ActiveCfg = Debug|Any CPU
		{A86A90FD-73AB-49B4-8757-B7649EF6F470}.Debug|Any CPU.Build.0 = Debug|Any CPU
		{A86A90FD-73AB-49B4-8757-B7649EF6F470}.Release|Any CPU.ActiveCfg = Release|Any CPU
		{A86A90FD-73AB-49B4-8757-B7649EF6F470}.Release|Any CPU.Build.0 = Release|Any CPU
	EndGlobalSection
	GlobalSection(SolutionProperties) = preSolution
		HideSolutionNode = FALSE
	EndGlobalSection
	GlobalSection(ExtensibilityGlobals) = postSolution
		SolutionGuid = {53B493B7-329B-4286-97BE-D464877CF17D}
	EndGlobalSection
EndGlobal
