
Microsoft Visual Studio Solution File, Format Version 12.00
# Visual Studio Version 16
VisualStudioVersion = 16.0.29123.88
MinimumVisualStudioVersion = 10.0.40219.1
Project("{9A19103F-16F7-4668-BE54-9A1E7A4F7556}") = "Catalyst", "Catalyst\Catalyst.csproj", "{A86A90FD-73AB-49B4-8757-B7649EF6F470}"
EndProject
Project("{9A19103F-16F7-4668-BE54-9A1E7A4F7556}") = "Catalyst.Training", "Catalyst.Training\Catalyst.Training.csproj", "{8D171C86-5A9A-43D3-9A16-7DDE7CE61AA1}"
EndProject
Project("{2150E333-8FDC-42A3-9474-1A3956D46DE8}") = "azure-devops", "azure-devops", "{DCE5551E-4070-45AA-89D2-CE1F8C3D6F6B}"
	ProjectSection(SolutionItems) = preProject
		azure-devops\build-nuget.yml = azure-devops\build-nuget.yml
	EndProjectSection
EndProject
Project("{2150E333-8FDC-42A3-9474-1A3956D46DE8}") = "tests", "tests", "{9873879B-0FE8-4FFF-A337-AE75F0B4FAB3}"
EndProject
Project("{9A19103F-16F7-4668-BE54-9A1E7A4F7556}") = "Catalyst.Azure.Tests", "tests\Catalyst.Azure.Tests\Catalyst.Azure.Tests.csproj", "{05051CDB-636C-4884-8D2B-58B01267E33D}"
EndProject
Project("{9A19103F-16F7-4668-BE54-9A1E7A4F7556}") = "Catalyst.Azure", "Catalyst.Azure\Catalyst.Azure.csproj", "{CE8805D3-D498-4788-BF3A-7513491BC924}"
EndProject
Global
	GlobalSection(SolutionConfigurationPlatforms) = preSolution
		Debug|Any CPU = Debug|Any CPU
		Release|Any CPU = Release|Any CPU
	EndGlobalSection
	GlobalSection(ProjectConfigurationPlatforms) = postSolution
		{A86A90FD-73AB-49B4-8757-B7649EF6F470}.Debug|Any CPU.ActiveCfg = Debug|Any CPU
		{A86A90FD-73AB-49B4-8757-B7649EF6F470}.Debug|Any CPU.Build.0 = Debug|Any CPU
		{A86A90FD-73AB-49B4-8757-B7649EF6F470}.Release|Any CPU.ActiveCfg = Release|Any CPU
		{A86A90FD-73AB-49B4-8757-B7649EF6F470}.Release|Any CPU.Build.0 = Release|Any CPU
		{8D171C86-5A9A-43D3-9A16-7DDE7CE61AA1}.Debug|Any CPU.ActiveCfg = Debug|Any CPU
		{8D171C86-5A9A-43D3-9A16-7DDE7CE61AA1}.Debug|Any CPU.Build.0 = Debug|Any CPU
		{8D171C86-5A9A-43D3-9A16-7DDE7CE61AA1}.Release|Any CPU.ActiveCfg = Release|Any CPU
		{8D171C86-5A9A-43D3-9A16-7DDE7CE61AA1}.Release|Any CPU.Build.0 = Release|Any CPU
		{05051CDB-636C-4884-8D2B-58B01267E33D}.Debug|Any CPU.ActiveCfg = Debug|Any CPU
		{05051CDB-636C-4884-8D2B-58B01267E33D}.Debug|Any CPU.Build.0 = Debug|Any CPU
		{05051CDB-636C-4884-8D2B-58B01267E33D}.Release|Any CPU.ActiveCfg = Release|Any CPU
		{05051CDB-636C-4884-8D2B-58B01267E33D}.Release|Any CPU.Build.0 = Release|Any CPU
		{CE8805D3-D498-4788-BF3A-7513491BC924}.Debug|Any CPU.ActiveCfg = Debug|Any CPU
		{CE8805D3-D498-4788-BF3A-7513491BC924}.Debug|Any CPU.Build.0 = Debug|Any CPU
		{CE8805D3-D498-4788-BF3A-7513491BC924}.Release|Any CPU.ActiveCfg = Release|Any CPU
		{CE8805D3-D498-4788-BF3A-7513491BC924}.Release|Any CPU.Build.0 = Release|Any CPU
	EndGlobalSection
	GlobalSection(SolutionProperties) = preSolution
		HideSolutionNode = FALSE
	EndGlobalSection
	GlobalSection(NestedProjects) = preSolution
		{A86A90FD-73AB-49B4-8757-B7649EF6F470} = {BAD44084-4D40-4BF5-99A2-9107CEF1ADC2}
		{8D171C86-5A9A-43D3-9A16-7DDE7CE61AA1} = {BAD44084-4D40-4BF5-99A2-9107CEF1ADC2}
		{05051CDB-636C-4884-8D2B-58B01267E33D} = {9873879B-0FE8-4FFF-A337-AE75F0B4FAB3}
		{CE8805D3-D498-4788-BF3A-7513491BC924} = {BAD44084-4D40-4BF5-99A2-9107CEF1ADC2}
	EndGlobalSection
	GlobalSection(ExtensibilityGlobals) = postSolution
		SolutionGuid = {53B493B7-329B-4286-97BE-D464877CF17D}
	EndGlobalSection
EndGlobal
